// !$*UTF8*$!
{
	archiveVersion = 1;
	classes = {
	};
	objectVersion = 50;
	objects = {

/* Begin PBXBuildFile section */
		4818D2D3260E070B00D2D018 /* ChartIQ.framework in Frameworks */ = {isa = PBXBuildFile; fileRef = 4818D2B9260E009F00D2D018 /* ChartIQ.framework */; };
		4818D2D4260E070B00D2D018 /* ChartIQ.framework in Embed Frameworks */ = {isa = PBXBuildFile; fileRef = 4818D2B9260E009F00D2D018 /* ChartIQ.framework */; settings = {ATTRIBUTES = (CodeSignOnCopy, RemoveHeadersOnCopy, ); }; };
		4848F214262863F300B434E2 /* ChartRouter.swift in Sources */ = {isa = PBXBuildFile; fileRef = 4848F157262863F300B434E2 /* ChartRouter.swift */; };
		4848F215262863F300B434E2 /* Series.storyboard in Resources */ = {isa = PBXBuildFile; fileRef = 4848F15A262863F300B434E2 /* Series.storyboard */; };
		4848F216262863F300B434E2 /* Settings.storyboard in Resources */ = {isa = PBXBuildFile; fileRef = 4848F15C262863F300B434E2 /* Settings.storyboard */; };
		4848F217262863F300B434E2 /* Studies.storyboard in Resources */ = {isa = PBXBuildFile; fileRef = 4848F15E262863F300B434E2 /* Studies.storyboard */; };
		4848F218262863F300B434E2 /* Intervals.storyboard in Resources */ = {isa = PBXBuildFile; fileRef = 4848F160262863F300B434E2 /* Intervals.storyboard */; };
		4848F219262863F300B434E2 /* Common.storyboard in Resources */ = {isa = PBXBuildFile; fileRef = 4848F162262863F300B434E2 /* Common.storyboard */; };
		4848F21A262863F300B434E2 /* Symbols.storyboard in Resources */ = {isa = PBXBuildFile; fileRef = 4848F164262863F300B434E2 /* Symbols.storyboard */; };
		4848F21B262863F300B434E2 /* DrawTools.storyboard in Resources */ = {isa = PBXBuildFile; fileRef = 4848F166262863F300B434E2 /* DrawTools.storyboard */; };
		4848F21C262863F300B434E2 /* Const.swift in Sources */ = {isa = PBXBuildFile; fileRef = 4848F168262863F300B434E2 /* Const.swift */; };
		4848F21D262863F300B434E2 /* LocalizationManager.swift in Sources */ = {isa = PBXBuildFile; fileRef = 4848F16A262863F300B434E2 /* LocalizationManager.swift */; };
		4848F21E262863F300B434E2 /* DeviceManager.swift in Sources */ = {isa = PBXBuildFile; fileRef = 4848F16B262863F300B434E2 /* DeviceManager.swift */; };
		4848F21F262863F300B434E2 /* NumberTableCellViewModel.swift in Sources */ = {isa = PBXBuildFile; fileRef = 4848F16E262863F300B434E2 /* NumberTableCellViewModel.swift */; };
		4848F220262863F300B434E2 /* FibSettingsTableCellViewModel.swift in Sources */ = {isa = PBXBuildFile; fileRef = 4848F16F262863F300B434E2 /* FibSettingsTableCellViewModel.swift */; };
		4848F221262863F300B434E2 /* SelectTableCellViewModel.swift in Sources */ = {isa = PBXBuildFile; fileRef = 4848F170262863F300B434E2 /* SelectTableCellViewModel.swift */; };
		4848F222262863F300B434E2 /* DisclosureTableCellViewModel.swift in Sources */ = {isa = PBXBuildFile; fileRef = 4848F171262863F300B434E2 /* DisclosureTableCellViewModel.swift */; };
		4848F223262863F300B434E2 /* StudyTableCellViewModel.swift in Sources */ = {isa = PBXBuildFile; fileRef = 4848F172262863F300B434E2 /* StudyTableCellViewModel.swift */; };
		4848F224262863F300B434E2 /* ColorTableCellViewModel.swift in Sources */ = {isa = PBXBuildFile; fileRef = 4848F173262863F300B434E2 /* ColorTableCellViewModel.swift */; };
		4848F225262863F300B434E2 /* TextColorTableCellViewModel.swift in Sources */ = {isa = PBXBuildFile; fileRef = 4848F174262863F300B434E2 /* TextColorTableCellViewModel.swift */; };
		4848F226262863F300B434E2 /* ToggleTableCellViewModel.swift in Sources */ = {isa = PBXBuildFile; fileRef = 4848F175262863F300B434E2 /* ToggleTableCellViewModel.swift */; };
		4848F227262863F300B434E2 /* DrawToolViewModel.swift in Sources */ = {isa = PBXBuildFile; fileRef = 4848F176262863F300B434E2 /* DrawToolViewModel.swift */; };
		4848F228262863F300B434E2 /* LineTableCellViewModel.swift in Sources */ = {isa = PBXBuildFile; fileRef = 4848F177262863F300B434E2 /* LineTableCellViewModel.swift */; };
		4848F229262863F300B434E2 /* FibInputTableCellViewModel.swift in Sources */ = {isa = PBXBuildFile; fileRef = 4848F178262863F300B434E2 /* FibInputTableCellViewModel.swift */; };
		4848F22A262863F300B434E2 /* DrawToolBaseViewModel.swift in Sources */ = {isa = PBXBuildFile; fileRef = 4848F179262863F300B434E2 /* DrawToolBaseViewModel.swift */; };
		4848F22B262863F300B434E2 /* ButtonTableCellViewModel.swift in Sources */ = {isa = PBXBuildFile; fileRef = 4848F17A262863F300B434E2 /* ButtonTableCellViewModel.swift */; };
		4848F22C262863F300B434E2 /* TextTableCellViewModel.swift in Sources */ = {isa = PBXBuildFile; fileRef = 4848F17B262863F300B434E2 /* TextTableCellViewModel.swift */; };
		4848F22D262863F300B434E2 /* DeviationsTableCellViewModel.swift in Sources */ = {isa = PBXBuildFile; fileRef = 4848F17C262863F300B434E2 /* DeviationsTableCellViewModel.swift */; };
		4848F22E262863F300B434E2 /* BaseTableCellViewModel.swift in Sources */ = {isa = PBXBuildFile; fileRef = 4848F17D262863F300B434E2 /* BaseTableCellViewModel.swift */; };
		4848F22F262863F300B434E2 /* FontTableCellViewModel.swift in Sources */ = {isa = PBXBuildFile; fileRef = 4848F17E262863F300B434E2 /* FontTableCellViewModel.swift */; };
		4848F230262863F300B434E2 /* DrawToolColorViewModel.swift in Sources */ = {isa = PBXBuildFile; fileRef = 4848F17F262863F300B434E2 /* DrawToolColorViewModel.swift */; };
		4848F231262863F300B434E2 /* IntervalModel.swift in Sources */ = {isa = PBXBuildFile; fileRef = 4848F181262863F300B434E2 /* IntervalModel.swift */; };
		4848F232262863F300B434E2 /* DeviationModel.swift in Sources */ = {isa = PBXBuildFile; fileRef = 4848F182262863F300B434E2 /* DeviationModel.swift */; };
		4848F233262863F300B434E2 /* LanguageModel.swift in Sources */ = {isa = PBXBuildFile; fileRef = 4848F183262863F300B434E2 /* LanguageModel.swift */; };
		4848F234262863F300B434E2 /* PickerViewItem.swift in Sources */ = {isa = PBXBuildFile; fileRef = 4848F184262863F300B434E2 /* PickerViewItem.swift */; };
		4848F235262863F300B434E2 /* LineModel.swift in Sources */ = {isa = PBXBuildFile; fileRef = 4848F185262863F300B434E2 /* LineModel.swift */; };
		4848F236262863F300B434E2 /* ChartStyleModel.swift in Sources */ = {isa = PBXBuildFile; fileRef = 4848F186262863F300B434E2 /* ChartStyleModel.swift */; };
		4848F237262863F300B434E2 /* SymbolModel.swift in Sources */ = {isa = PBXBuildFile; fileRef = 4848F187262863F300B434E2 /* SymbolModel.swift */; };
		4848F238262863F300B434E2 /* ChartIQDrawingTool+Extensions.swift in Sources */ = {isa = PBXBuildFile; fileRef = 4848F189262863F300B434E2 /* ChartIQDrawingTool+Extensions.swift */; };
		4848F239262863F300B434E2 /* Array+Extensions.swift in Sources */ = {isa = PBXBuildFile; fileRef = 4848F18A262863F300B434E2 /* Array+Extensions.swift */; };
		4848F23A262863F300B434E2 /* ChartIQChartType+Extensions.swift in Sources */ = {isa = PBXBuildFile; fileRef = 4848F18B262863F300B434E2 /* ChartIQChartType+Extensions.swift */; };
		4848F23B262863F300B434E2 /* UIVisualEffectView+Extensions.swift in Sources */ = {isa = PBXBuildFile; fileRef = 4848F18C262863F300B434E2 /* UIVisualEffectView+Extensions.swift */; };
		4848F23C262863F300B434E2 /* UIViewController+Extensions.swift in Sources */ = {isa = PBXBuildFile; fileRef = 4848F18D262863F300B434E2 /* UIViewController+Extensions.swift */; };
		4848F23D262863F300B434E2 /* UIButton+Extensions.swift in Sources */ = {isa = PBXBuildFile; fileRef = 4848F18E262863F300B434E2 /* UIButton+Extensions.swift */; };
		4848F23E262863F300B434E2 /* UIView+Extensions.swift in Sources */ = {isa = PBXBuildFile; fileRef = 4848F18F262863F300B434E2 /* UIView+Extensions.swift */; };
		4848F23F262863F300B434E2 /* String+Extensions.swift in Sources */ = {isa = PBXBuildFile; fileRef = 4848F190262863F300B434E2 /* String+Extensions.swift */; };
		4848F240262863F300B434E2 /* UITabBarController+Extensions.swift in Sources */ = {isa = PBXBuildFile; fileRef = 4848F191262863F300B434E2 /* UITabBarController+Extensions.swift */; };
		4848F241262863F300B434E2 /* UIColor+Extensions.swift in Sources */ = {isa = PBXBuildFile; fileRef = 4848F192262863F300B434E2 /* UIColor+Extensions.swift */; };
		4848F242262863F300B434E2 /* UIImage+Extensions.swift in Sources */ = {isa = PBXBuildFile; fileRef = 4848F193262863F300B434E2 /* UIImage+Extensions.swift */; };
		4848F243262863F300B434E2 /* UISearchBar+Extensions.swift in Sources */ = {isa = PBXBuildFile; fileRef = 4848F194262863F300B434E2 /* UISearchBar+Extensions.swift */; };
		4848F244262863F300B434E2 /* ChartIQChartAggregationType+Extensions.swift in Sources */ = {isa = PBXBuildFile; fileRef = 4848F195262863F300B434E2 /* ChartIQChartAggregationType+Extensions.swift */; };
		4848F245262863F300B434E2 /* UISearchController+Extensions.swift in Sources */ = {isa = PBXBuildFile; fileRef = 4848F196262863F300B434E2 /* UISearchController+Extensions.swift */; };
		4848F246262863F300B434E2 /* UIStackView+Extensions.swift in Sources */ = {isa = PBXBuildFile; fileRef = 4848F197262863F300B434E2 /* UIStackView+Extensions.swift */; };
		4848F247262863F300B434E2 /* UIStoryboard+Extensions.swift in Sources */ = {isa = PBXBuildFile; fileRef = 4848F198262863F300B434E2 /* UIStoryboard+Extensions.swift */; };
		4848F248262863F300B434E2 /* UITableView+Extensions.swift in Sources */ = {isa = PBXBuildFile; fileRef = 4848F199262863F300B434E2 /* UITableView+Extensions.swift */; };
		4848F249262863F300B434E2 /* UserDefaults+Extensions.swift in Sources */ = {isa = PBXBuildFile; fileRef = 4848F19A262863F300B434E2 /* UserDefaults+Extensions.swift */; };
		4848F24A262863F300B434E2 /* ChartIQLineType+Extensions.swift in Sources */ = {isa = PBXBuildFile; fileRef = 4848F19B262863F300B434E2 /* ChartIQLineType+Extensions.swift */; };
		4848F24B262863F300B434E2 /* CGFloat+Extensions.swift in Sources */ = {isa = PBXBuildFile; fileRef = 4848F19C262863F300B434E2 /* CGFloat+Extensions.swift */; };
		4848F24C262863F300B434E2 /* UICollectionView+Extensions.swift in Sources */ = {isa = PBXBuildFile; fileRef = 4848F19D262863F300B434E2 /* UICollectionView+Extensions.swift */; };
		4848F24D262863F300B434E2 /* LineModel+Extensions.swift in Sources */ = {isa = PBXBuildFile; fileRef = 4848F19E262863F300B434E2 /* LineModel+Extensions.swift */; };
		4848F24E262863F300B434E2 /* SeriesViewController.swift in Sources */ = {isa = PBXBuildFile; fileRef = 4848F1A1262863F300B434E2 /* SeriesViewController.swift */; };
		4848F24F262863F300B434E2 /* LanguagesViewController.swift in Sources */ = {isa = PBXBuildFile; fileRef = 4848F1A3262863F300B434E2 /* LanguagesViewController.swift */; };
		4848F250262863F300B434E2 /* ChartStyleViewController.swift in Sources */ = {isa = PBXBuildFile; fileRef = 4848F1A4262863F300B434E2 /* ChartStyleViewController.swift */; };
		4848F251262863F300B434E2 /* SettingsViewController.swift in Sources */ = {isa = PBXBuildFile; fileRef = 4848F1A5262863F300B434E2 /* SettingsViewController.swift */; };
		4848F252262863F300B434E2 /* StudiesViewController.swift in Sources */ = {isa = PBXBuildFile; fileRef = 4848F1A7262863F300B434E2 /* StudiesViewController.swift */; };
		4848F253262863F300B434E2 /* StudyDetailViewController.swift in Sources */ = {isa = PBXBuildFile; fileRef = 4848F1A8262863F300B434E2 /* StudyDetailViewController.swift */; };
		4848F254262863F300B434E2 /* AllStudiesViewController.swift in Sources */ = {isa = PBXBuildFile; fileRef = 4848F1A9262863F300B434E2 /* AllStudiesViewController.swift */; };
		4848F255262863F300B434E2 /* IntervalsViewController.swift in Sources */ = {isa = PBXBuildFile; fileRef = 4848F1AB262863F300B434E2 /* IntervalsViewController.swift */; };
		4848F256262863F300B434E2 /* SelectOptionViewController.swift in Sources */ = {isa = PBXBuildFile; fileRef = 4848F1AD262863F300B434E2 /* SelectOptionViewController.swift */; };
		4848F257262863F300B434E2 /* FullScreenPickerViewController.swift in Sources */ = {isa = PBXBuildFile; fileRef = 4848F1AE262863F300B434E2 /* FullScreenPickerViewController.swift */; };
		4848F258262863F300B434E2 /* SearchSymbolsViewController.swift in Sources */ = {isa = PBXBuildFile; fileRef = 4848F1B0262863F300B434E2 /* SearchSymbolsViewController.swift */; };
		4848F259262863F300B434E2 /* DeviationsViewController.swift in Sources */ = {isa = PBXBuildFile; fileRef = 4848F1B2262863F300B434E2 /* DeviationsViewController.swift */; };
		4848F25A262863F300B434E2 /* FibSettingsViewController.swift in Sources */ = {isa = PBXBuildFile; fileRef = 4848F1B3262863F300B434E2 /* FibSettingsViewController.swift */; };
		4848F25B262863F300B434E2 /* DrawToolSettingsViewController.swift in Sources */ = {isa = PBXBuildFile; fileRef = 4848F1B4262863F300B434E2 /* DrawToolSettingsViewController.swift */; };
		4848F25C262863F300B434E2 /* DrawToolsViewController.swift in Sources */ = {isa = PBXBuildFile; fileRef = 4848F1B5262863F300B434E2 /* DrawToolsViewController.swift */; };
		4848F25D262863F300B434E2 /* BaseViewController.swift in Sources */ = {isa = PBXBuildFile; fileRef = 4848F1B7262863F300B434E2 /* BaseViewController.swift */; };
		4848F25E262863F300B434E2 /* NavigationController.swift in Sources */ = {isa = PBXBuildFile; fileRef = 4848F1BA262863F300B434E2 /* NavigationController.swift */; };
		4848F25F262863F300B434E2 /* ToggleTableCell.swift in Sources */ = {isa = PBXBuildFile; fileRef = 4848F1BF262863F300B434E2 /* ToggleTableCell.swift */; };
		4848F260262863F300B434E2 /* ToggleTableCell.xib in Resources */ = {isa = PBXBuildFile; fileRef = 4848F1C0262863F300B434E2 /* ToggleTableCell.xib */; };
		4848F263262863F300B434E2 /* ButtonTableCell.swift in Sources */ = {isa = PBXBuildFile; fileRef = 4848F1C5262863F300B434E2 /* ButtonTableCell.swift */; };
		4848F264262863F300B434E2 /* ButtonTableCell.xib in Resources */ = {isa = PBXBuildFile; fileRef = 4848F1C6262863F300B434E2 /* ButtonTableCell.xib */; };
		4848F265262863F300B434E2 /* StudyTableCell.swift in Sources */ = {isa = PBXBuildFile; fileRef = 4848F1C8262863F300B434E2 /* StudyTableCell.swift */; };
		4848F266262863F300B434E2 /* StudyTableCell.xib in Resources */ = {isa = PBXBuildFile; fileRef = 4848F1C9262863F300B434E2 /* StudyTableCell.xib */; };
		4848F267262863F300B434E2 /* DrawToolTableCell.xib in Resources */ = {isa = PBXBuildFile; fileRef = 4848F1CB262863F300B434E2 /* DrawToolTableCell.xib */; };
		4848F268262863F300B434E2 /* DrawToolTableCell.swift in Sources */ = {isa = PBXBuildFile; fileRef = 4848F1CC262863F300B434E2 /* DrawToolTableCell.swift */; };
		4848F269262863F300B434E2 /* FibInputTableCell.xib in Resources */ = {isa = PBXBuildFile; fileRef = 4848F1CE262863F300B434E2 /* FibInputTableCell.xib */; };
		4848F26A262863F300B434E2 /* FibInputTableCell.swift in Sources */ = {isa = PBXBuildFile; fileRef = 4848F1CF262863F300B434E2 /* FibInputTableCell.swift */; };
		4848F26B262863F300B434E2 /* LineTableCell.xib in Resources */ = {isa = PBXBuildFile; fileRef = 4848F1D1262863F300B434E2 /* LineTableCell.xib */; };
		4848F26C262863F300B434E2 /* LineTableCell.swift in Sources */ = {isa = PBXBuildFile; fileRef = 4848F1D2262863F300B434E2 /* LineTableCell.swift */; };
		4848F26D262863F300B434E2 /* BaseTableCell.swift in Sources */ = {isa = PBXBuildFile; fileRef = 4848F1D4262863F300B434E2 /* BaseTableCell.swift */; };
		4848F26E262863F300B434E2 /* BaseTableCell.xib in Resources */ = {isa = PBXBuildFile; fileRef = 4848F1D5262863F300B434E2 /* BaseTableCell.xib */; };
		4848F26F262863F300B434E2 /* SymbolTableCell.xib in Resources */ = {isa = PBXBuildFile; fileRef = 4848F1D7262863F300B434E2 /* SymbolTableCell.xib */; };
		4848F270262863F300B434E2 /* SymbolTableCell.swift in Sources */ = {isa = PBXBuildFile; fileRef = 4848F1D8262863F300B434E2 /* SymbolTableCell.swift */; };
		4848F271262863F300B434E2 /* SelectTableCell.xib in Resources */ = {isa = PBXBuildFile; fileRef = 4848F1DA262863F300B434E2 /* SelectTableCell.xib */; };
		4848F272262863F300B434E2 /* SelectTableCell.swift in Sources */ = {isa = PBXBuildFile; fileRef = 4848F1DB262863F300B434E2 /* SelectTableCell.swift */; };
		4848F273262863F300B434E2 /* DisclosureTableCell.swift in Sources */ = {isa = PBXBuildFile; fileRef = 4848F1DD262863F300B434E2 /* DisclosureTableCell.swift */; };
		4848F274262863F300B434E2 /* DisclosureTableCell.xib in Resources */ = {isa = PBXBuildFile; fileRef = 4848F1DE262863F300B434E2 /* DisclosureTableCell.xib */; };
		4848F275262863F300B434E2 /* FontTableCell.xib in Resources */ = {isa = PBXBuildFile; fileRef = 4848F1E0262863F300B434E2 /* FontTableCell.xib */; };
		4848F276262863F300B434E2 /* FontTableCell.swift in Sources */ = {isa = PBXBuildFile; fileRef = 4848F1E1262863F300B434E2 /* FontTableCell.swift */; };
		4848F277262863F300B434E2 /* TextTableCell.xib in Resources */ = {isa = PBXBuildFile; fileRef = 4848F1E3262863F300B434E2 /* TextTableCell.xib */; };
		4848F278262863F300B434E2 /* TextTableCell.swift in Sources */ = {isa = PBXBuildFile; fileRef = 4848F1E4262863F300B434E2 /* TextTableCell.swift */; };
		4848F279262863F300B434E2 /* TextColorTableCell.xib in Resources */ = {isa = PBXBuildFile; fileRef = 4848F1E6262863F300B434E2 /* TextColorTableCell.xib */; };
		4848F27A262863F300B434E2 /* TextColorTableCell.swift in Sources */ = {isa = PBXBuildFile; fileRef = 4848F1E7262863F300B434E2 /* TextColorTableCell.swift */; };
		4848F27B262863F300B434E2 /* DrawToolColorCell.xib in Resources */ = {isa = PBXBuildFile; fileRef = 4848F1EA262863F300B434E2 /* DrawToolColorCell.xib */; };
		4848F27C262863F300B434E2 /* DrawToolColorCell.swift in Sources */ = {isa = PBXBuildFile; fileRef = 4848F1EB262863F300B434E2 /* DrawToolColorCell.swift */; };
		4848F27D262863F300B434E2 /* FilterCollectionCell.xib in Resources */ = {isa = PBXBuildFile; fileRef = 4848F1ED262863F300B434E2 /* FilterCollectionCell.xib */; };
		4848F27E262863F300B434E2 /* FilterCollectionCell.swift in Sources */ = {isa = PBXBuildFile; fileRef = 4848F1EE262863F300B434E2 /* FilterCollectionCell.swift */; };
		4848F27F262863F300B434E2 /* DrawToolBaseCell.xib in Resources */ = {isa = PBXBuildFile; fileRef = 4848F1F0262863F300B434E2 /* DrawToolBaseCell.xib */; };
		4848F280262863F300B434E2 /* DrawToolBaseCell.swift in Sources */ = {isa = PBXBuildFile; fileRef = 4848F1F1262863F300B434E2 /* DrawToolBaseCell.swift */; };
		4848F281262863F300B434E2 /* ColorPickerCollectionCell.xib in Resources */ = {isa = PBXBuildFile; fileRef = 4848F1F3262863F300B434E2 /* ColorPickerCollectionCell.xib */; };
		4848F282262863F300B434E2 /* ColorPickerCollectionCell.swift in Sources */ = {isa = PBXBuildFile; fileRef = 4848F1F4262863F300B434E2 /* ColorPickerCollectionCell.swift */; };
		4848F283262863F300B434E2 /* LinePickerCollectionCell.xib in Resources */ = {isa = PBXBuildFile; fileRef = 4848F1F6262863F300B434E2 /* LinePickerCollectionCell.xib */; };
		4848F284262863F300B434E2 /* LinePickerCollectionCell.swift in Sources */ = {isa = PBXBuildFile; fileRef = 4848F1F7262863F300B434E2 /* LinePickerCollectionCell.swift */; };
		4848F285262863F300B434E2 /* ChartButton.swift in Sources */ = {isa = PBXBuildFile; fileRef = 4848F1F9262863F300B434E2 /* ChartButton.swift */; };
		4848F286262863F300B434E2 /* FloatingButton.swift in Sources */ = {isa = PBXBuildFile; fileRef = 4848F1FA262863F300B434E2 /* FloatingButton.swift */; };
		4848F287262863F300B434E2 /* CustomTextField.swift in Sources */ = {isa = PBXBuildFile; fileRef = 4848F1FC262863F300B434E2 /* CustomTextField.swift */; };
		4848F288262863F300B434E2 /* NavigationView.xib in Resources */ = {isa = PBXBuildFile; fileRef = 4848F1FF262863F300B434E2 /* NavigationView.xib */; };
		4848F289262863F300B434E2 /* NavigationView.swift in Sources */ = {isa = PBXBuildFile; fileRef = 4848F200262863F300B434E2 /* NavigationView.swift */; };
		4848F28A262863F300B434E2 /* DrawToolControlView.xib in Resources */ = {isa = PBXBuildFile; fileRef = 4848F202262863F300B434E2 /* DrawToolControlView.xib */; };
		4848F28B262863F300B434E2 /* DrawToolControlView.swift in Sources */ = {isa = PBXBuildFile; fileRef = 4848F203262863F300B434E2 /* DrawToolControlView.swift */; };
		4848F28C262863F300B434E2 /* CrosshairInfoView.xib in Resources */ = {isa = PBXBuildFile; fileRef = 4848F205262863F300B434E2 /* CrosshairInfoView.xib */; };
		4848F28D262863F300B434E2 /* CrosshairInfoView.swift in Sources */ = {isa = PBXBuildFile; fileRef = 4848F206262863F300B434E2 /* CrosshairInfoView.swift */; };
		4848F28E262863F300B434E2 /* CustomSearchController.swift in Sources */ = {isa = PBXBuildFile; fileRef = 4848F208262863F300B434E2 /* CustomSearchController.swift */; };
		4848F28F262863F300B434E2 /* HorizontalFilterView.xib in Resources */ = {isa = PBXBuildFile; fileRef = 4848F20A262863F300B434E2 /* HorizontalFilterView.xib */; };
		4848F290262863F300B434E2 /* HorizontalFilterView.swift in Sources */ = {isa = PBXBuildFile; fileRef = 4848F20B262863F300B434E2 /* HorizontalFilterView.swift */; };
		4848F291262863F300B434E2 /* HorizontalPickerView.swift in Sources */ = {isa = PBXBuildFile; fileRef = 4848F20D262863F300B434E2 /* HorizontalPickerView.swift */; };
		4848F292262863F300B434E2 /* HorizontalPickerView.xib in Resources */ = {isa = PBXBuildFile; fileRef = 4848F20E262863F300B434E2 /* HorizontalPickerView.xib */; };
		4848F293262863F300B434E2 /* StudiesService.swift in Sources */ = {isa = PBXBuildFile; fileRef = 4848F210262863F300B434E2 /* StudiesService.swift */; };
		4848F294262863F300B434E2 /* SearchSymbolsService.swift in Sources */ = {isa = PBXBuildFile; fileRef = 4848F211262863F300B434E2 /* SearchSymbolsService.swift */; };
		4848F295262863F300B434E2 /* DrawToolsService.swift in Sources */ = {isa = PBXBuildFile; fileRef = 4848F212262863F300B434E2 /* DrawToolsService.swift */; };
		4848F296262863F300B434E2 /* DataSimulatorService.swift in Sources */ = {isa = PBXBuildFile; fileRef = 4848F213262863F300B434E2 /* DataSimulatorService.swift */; };
		48908CF02452DEC100E50153 /* TabBarController.swift in Sources */ = {isa = PBXBuildFile; fileRef = 48908CEE2452DEC100E50153 /* TabBarController.swift */; };
		48908D022452E0A300E50153 /* ChartViewController.swift in Sources */ = {isa = PBXBuildFile; fileRef = 48908D012452E0A300E50153 /* ChartViewController.swift */; };
		48908D082452E13800E50153 /* Chart.storyboard in Resources */ = {isa = PBXBuildFile; fileRef = 48908D072452E13800E50153 /* Chart.storyboard */; };
		48B97BA12518DB090015BD0D /* Assets.xcassets in Resources */ = {isa = PBXBuildFile; fileRef = CE7765F2240E8CB7001DE51E /* Assets.xcassets */; };
		CE7765FC240E8CB7001DE51E /* LaunchScreen.storyboard in Resources */ = {isa = PBXBuildFile; fileRef = CE7765DE240E8CB7001DE51E /* LaunchScreen.storyboard */; };
		CE7765FD240E8CB7001DE51E /* Main.storyboard in Resources */ = {isa = PBXBuildFile; fileRef = CE7765E0240E8CB7001DE51E /* Main.storyboard */; };
		CE7765FE240E8CB7001DE51E /* SceneDelegate.swift in Sources */ = {isa = PBXBuildFile; fileRef = CE7765E2240E8CB7001DE51E /* SceneDelegate.swift */; };
		CE77660F240E8CB7001DE51E /* AppDelegate.swift in Sources */ = {isa = PBXBuildFile; fileRef = CE7765F4240E8CB7001DE51E /* AppDelegate.swift */; };
/* End PBXBuildFile section */

/* Begin PBXContainerItemProxy section */
		4818D2B8260E009F00D2D018 /* PBXContainerItemProxy */ = {
			isa = PBXContainerItemProxy;
			containerPortal = 4818D2B3260E009F00D2D018 /* ChartIQ.xcodeproj */;
			proxyType = 2;
			remoteGlobalIDString = 7AA3C65A1E24975500DD69AE;
			remoteInfo = ChartIQ;
		};
		4818D2BA260E009F00D2D018 /* PBXContainerItemProxy */ = {
			isa = PBXContainerItemProxy;
			containerPortal = 4818D2B3260E009F00D2D018 /* ChartIQ.xcodeproj */;
			proxyType = 2;
			remoteGlobalIDString = CE56991D2412B24F001798FE;
			remoteInfo = ChartIQTests;
		};
/* End PBXContainerItemProxy section */

/* Begin PBXCopyFilesBuildPhase section */
		CE77662D240E8DCF001DE51E /* Embed Frameworks */ = {
			isa = PBXCopyFilesBuildPhase;
			buildActionMask = 2147483647;
			dstPath = "";
			dstSubfolderSpec = 10;
			files = (
				4818D2D4260E070B00D2D018 /* ChartIQ.framework in Embed Frameworks */,
			);
			name = "Embed Frameworks";
			runOnlyForDeploymentPostprocessing = 0;
		};
/* End PBXCopyFilesBuildPhase section */

/* Begin PBXFileReference section */
		4818D2B3260E009F00D2D018 /* ChartIQ.xcodeproj */ = {isa = PBXFileReference; lastKnownFileType = "wrapper.pb-project"; name = ChartIQ.xcodeproj; path = ../ChartIQ.xcodeproj; sourceTree = "<group>"; };
		481EE77C2492871400DA134D /* Base */ = {isa = PBXFileReference; lastKnownFileType = file.storyboard; name = Base; path = Base.lproj/Main.storyboard; sourceTree = "<group>"; };
		481EE77D2492871400DA134D /* Base */ = {isa = PBXFileReference; lastKnownFileType = file.storyboard; name = Base; path = Base.lproj/LaunchScreen.storyboard; sourceTree = "<group>"; };
		4848F157262863F300B434E2 /* ChartRouter.swift */ = {isa = PBXFileReference; fileEncoding = 4; lastKnownFileType = sourcecode.swift; path = ChartRouter.swift; sourceTree = "<group>"; };
		4848F15A262863F300B434E2 /* Series.storyboard */ = {isa = PBXFileReference; fileEncoding = 4; lastKnownFileType = file.storyboard; path = Series.storyboard; sourceTree = "<group>"; };
		4848F15C262863F300B434E2 /* Settings.storyboard */ = {isa = PBXFileReference; fileEncoding = 4; lastKnownFileType = file.storyboard; path = Settings.storyboard; sourceTree = "<group>"; };
		4848F15E262863F300B434E2 /* Studies.storyboard */ = {isa = PBXFileReference; fileEncoding = 4; lastKnownFileType = file.storyboard; path = Studies.storyboard; sourceTree = "<group>"; };
		4848F160262863F300B434E2 /* Intervals.storyboard */ = {isa = PBXFileReference; fileEncoding = 4; lastKnownFileType = file.storyboard; path = Intervals.storyboard; sourceTree = "<group>"; };
		4848F162262863F300B434E2 /* Common.storyboard */ = {isa = PBXFileReference; fileEncoding = 4; lastKnownFileType = file.storyboard; path = Common.storyboard; sourceTree = "<group>"; };
		4848F164262863F300B434E2 /* Symbols.storyboard */ = {isa = PBXFileReference; fileEncoding = 4; lastKnownFileType = file.storyboard; path = Symbols.storyboard; sourceTree = "<group>"; };
		4848F166262863F300B434E2 /* DrawTools.storyboard */ = {isa = PBXFileReference; fileEncoding = 4; lastKnownFileType = file.storyboard; path = DrawTools.storyboard; sourceTree = "<group>"; };
		4848F168262863F300B434E2 /* Const.swift */ = {isa = PBXFileReference; fileEncoding = 4; lastKnownFileType = sourcecode.swift; path = Const.swift; sourceTree = "<group>"; };
		4848F16A262863F300B434E2 /* LocalizationManager.swift */ = {isa = PBXFileReference; fileEncoding = 4; lastKnownFileType = sourcecode.swift; path = LocalizationManager.swift; sourceTree = "<group>"; };
		4848F16B262863F300B434E2 /* DeviceManager.swift */ = {isa = PBXFileReference; fileEncoding = 4; lastKnownFileType = sourcecode.swift; path = DeviceManager.swift; sourceTree = "<group>"; };
		4848F16E262863F300B434E2 /* NumberTableCellViewModel.swift */ = {isa = PBXFileReference; fileEncoding = 4; lastKnownFileType = sourcecode.swift; path = NumberTableCellViewModel.swift; sourceTree = "<group>"; };
		4848F16F262863F300B434E2 /* FibSettingsTableCellViewModel.swift */ = {isa = PBXFileReference; fileEncoding = 4; lastKnownFileType = sourcecode.swift; path = FibSettingsTableCellViewModel.swift; sourceTree = "<group>"; };
		4848F170262863F300B434E2 /* SelectTableCellViewModel.swift */ = {isa = PBXFileReference; fileEncoding = 4; lastKnownFileType = sourcecode.swift; path = SelectTableCellViewModel.swift; sourceTree = "<group>"; };
		4848F171262863F300B434E2 /* DisclosureTableCellViewModel.swift */ = {isa = PBXFileReference; fileEncoding = 4; lastKnownFileType = sourcecode.swift; path = DisclosureTableCellViewModel.swift; sourceTree = "<group>"; };
		4848F172262863F300B434E2 /* StudyTableCellViewModel.swift */ = {isa = PBXFileReference; fileEncoding = 4; lastKnownFileType = sourcecode.swift; path = StudyTableCellViewModel.swift; sourceTree = "<group>"; };
		4848F173262863F300B434E2 /* ColorTableCellViewModel.swift */ = {isa = PBXFileReference; fileEncoding = 4; lastKnownFileType = sourcecode.swift; path = ColorTableCellViewModel.swift; sourceTree = "<group>"; };
		4848F174262863F300B434E2 /* TextColorTableCellViewModel.swift */ = {isa = PBXFileReference; fileEncoding = 4; lastKnownFileType = sourcecode.swift; path = TextColorTableCellViewModel.swift; sourceTree = "<group>"; };
		4848F175262863F300B434E2 /* ToggleTableCellViewModel.swift */ = {isa = PBXFileReference; fileEncoding = 4; lastKnownFileType = sourcecode.swift; path = ToggleTableCellViewModel.swift; sourceTree = "<group>"; };
		4848F176262863F300B434E2 /* DrawToolViewModel.swift */ = {isa = PBXFileReference; fileEncoding = 4; lastKnownFileType = sourcecode.swift; path = DrawToolViewModel.swift; sourceTree = "<group>"; };
		4848F177262863F300B434E2 /* LineTableCellViewModel.swift */ = {isa = PBXFileReference; fileEncoding = 4; lastKnownFileType = sourcecode.swift; path = LineTableCellViewModel.swift; sourceTree = "<group>"; };
		4848F178262863F300B434E2 /* FibInputTableCellViewModel.swift */ = {isa = PBXFileReference; fileEncoding = 4; lastKnownFileType = sourcecode.swift; path = FibInputTableCellViewModel.swift; sourceTree = "<group>"; };
		4848F179262863F300B434E2 /* DrawToolBaseViewModel.swift */ = {isa = PBXFileReference; fileEncoding = 4; lastKnownFileType = sourcecode.swift; path = DrawToolBaseViewModel.swift; sourceTree = "<group>"; };
		4848F17A262863F300B434E2 /* ButtonTableCellViewModel.swift */ = {isa = PBXFileReference; fileEncoding = 4; lastKnownFileType = sourcecode.swift; path = ButtonTableCellViewModel.swift; sourceTree = "<group>"; };
		4848F17B262863F300B434E2 /* TextTableCellViewModel.swift */ = {isa = PBXFileReference; fileEncoding = 4; lastKnownFileType = sourcecode.swift; path = TextTableCellViewModel.swift; sourceTree = "<group>"; };
		4848F17C262863F300B434E2 /* DeviationsTableCellViewModel.swift */ = {isa = PBXFileReference; fileEncoding = 4; lastKnownFileType = sourcecode.swift; path = DeviationsTableCellViewModel.swift; sourceTree = "<group>"; };
		4848F17D262863F300B434E2 /* BaseTableCellViewModel.swift */ = {isa = PBXFileReference; fileEncoding = 4; lastKnownFileType = sourcecode.swift; path = BaseTableCellViewModel.swift; sourceTree = "<group>"; };
		4848F17E262863F300B434E2 /* FontTableCellViewModel.swift */ = {isa = PBXFileReference; fileEncoding = 4; lastKnownFileType = sourcecode.swift; path = FontTableCellViewModel.swift; sourceTree = "<group>"; };
		4848F17F262863F300B434E2 /* DrawToolColorViewModel.swift */ = {isa = PBXFileReference; fileEncoding = 4; lastKnownFileType = sourcecode.swift; path = DrawToolColorViewModel.swift; sourceTree = "<group>"; };
		4848F181262863F300B434E2 /* IntervalModel.swift */ = {isa = PBXFileReference; fileEncoding = 4; lastKnownFileType = sourcecode.swift; path = IntervalModel.swift; sourceTree = "<group>"; };
		4848F182262863F300B434E2 /* DeviationModel.swift */ = {isa = PBXFileReference; fileEncoding = 4; lastKnownFileType = sourcecode.swift; path = DeviationModel.swift; sourceTree = "<group>"; };
		4848F183262863F300B434E2 /* LanguageModel.swift */ = {isa = PBXFileReference; fileEncoding = 4; lastKnownFileType = sourcecode.swift; path = LanguageModel.swift; sourceTree = "<group>"; };
		4848F184262863F300B434E2 /* PickerViewItem.swift */ = {isa = PBXFileReference; fileEncoding = 4; lastKnownFileType = sourcecode.swift; path = PickerViewItem.swift; sourceTree = "<group>"; };
		4848F185262863F300B434E2 /* LineModel.swift */ = {isa = PBXFileReference; fileEncoding = 4; lastKnownFileType = sourcecode.swift; path = LineModel.swift; sourceTree = "<group>"; };
		4848F186262863F300B434E2 /* ChartStyleModel.swift */ = {isa = PBXFileReference; fileEncoding = 4; lastKnownFileType = sourcecode.swift; path = ChartStyleModel.swift; sourceTree = "<group>"; };
		4848F187262863F300B434E2 /* SymbolModel.swift */ = {isa = PBXFileReference; fileEncoding = 4; lastKnownFileType = sourcecode.swift; path = SymbolModel.swift; sourceTree = "<group>"; };
		4848F189262863F300B434E2 /* ChartIQDrawingTool+Extensions.swift */ = {isa = PBXFileReference; fileEncoding = 4; lastKnownFileType = sourcecode.swift; path = "ChartIQDrawingTool+Extensions.swift"; sourceTree = "<group>"; };
		4848F18A262863F300B434E2 /* Array+Extensions.swift */ = {isa = PBXFileReference; fileEncoding = 4; lastKnownFileType = sourcecode.swift; path = "Array+Extensions.swift"; sourceTree = "<group>"; };
		4848F18B262863F300B434E2 /* ChartIQChartType+Extensions.swift */ = {isa = PBXFileReference; fileEncoding = 4; lastKnownFileType = sourcecode.swift; path = "ChartIQChartType+Extensions.swift"; sourceTree = "<group>"; };
		4848F18C262863F300B434E2 /* UIVisualEffectView+Extensions.swift */ = {isa = PBXFileReference; fileEncoding = 4; lastKnownFileType = sourcecode.swift; path = "UIVisualEffectView+Extensions.swift"; sourceTree = "<group>"; };
		4848F18D262863F300B434E2 /* UIViewController+Extensions.swift */ = {isa = PBXFileReference; fileEncoding = 4; lastKnownFileType = sourcecode.swift; path = "UIViewController+Extensions.swift"; sourceTree = "<group>"; };
		4848F18E262863F300B434E2 /* UIButton+Extensions.swift */ = {isa = PBXFileReference; fileEncoding = 4; lastKnownFileType = sourcecode.swift; path = "UIButton+Extensions.swift"; sourceTree = "<group>"; };
		4848F18F262863F300B434E2 /* UIView+Extensions.swift */ = {isa = PBXFileReference; fileEncoding = 4; lastKnownFileType = sourcecode.swift; path = "UIView+Extensions.swift"; sourceTree = "<group>"; };
		4848F190262863F300B434E2 /* String+Extensions.swift */ = {isa = PBXFileReference; fileEncoding = 4; lastKnownFileType = sourcecode.swift; path = "String+Extensions.swift"; sourceTree = "<group>"; };
		4848F191262863F300B434E2 /* UITabBarController+Extensions.swift */ = {isa = PBXFileReference; fileEncoding = 4; lastKnownFileType = sourcecode.swift; path = "UITabBarController+Extensions.swift"; sourceTree = "<group>"; };
		4848F192262863F300B434E2 /* UIColor+Extensions.swift */ = {isa = PBXFileReference; fileEncoding = 4; lastKnownFileType = sourcecode.swift; path = "UIColor+Extensions.swift"; sourceTree = "<group>"; };
		4848F193262863F300B434E2 /* UIImage+Extensions.swift */ = {isa = PBXFileReference; fileEncoding = 4; lastKnownFileType = sourcecode.swift; path = "UIImage+Extensions.swift"; sourceTree = "<group>"; };
		4848F194262863F300B434E2 /* UISearchBar+Extensions.swift */ = {isa = PBXFileReference; fileEncoding = 4; lastKnownFileType = sourcecode.swift; path = "UISearchBar+Extensions.swift"; sourceTree = "<group>"; };
		4848F195262863F300B434E2 /* ChartIQChartAggregationType+Extensions.swift */ = {isa = PBXFileReference; fileEncoding = 4; lastKnownFileType = sourcecode.swift; path = "ChartIQChartAggregationType+Extensions.swift"; sourceTree = "<group>"; };
		4848F196262863F300B434E2 /* UISearchController+Extensions.swift */ = {isa = PBXFileReference; fileEncoding = 4; lastKnownFileType = sourcecode.swift; path = "UISearchController+Extensions.swift"; sourceTree = "<group>"; };
		4848F197262863F300B434E2 /* UIStackView+Extensions.swift */ = {isa = PBXFileReference; fileEncoding = 4; lastKnownFileType = sourcecode.swift; path = "UIStackView+Extensions.swift"; sourceTree = "<group>"; };
		4848F198262863F300B434E2 /* UIStoryboard+Extensions.swift */ = {isa = PBXFileReference; fileEncoding = 4; lastKnownFileType = sourcecode.swift; path = "UIStoryboard+Extensions.swift"; sourceTree = "<group>"; };
		4848F199262863F300B434E2 /* UITableView+Extensions.swift */ = {isa = PBXFileReference; fileEncoding = 4; lastKnownFileType = sourcecode.swift; path = "UITableView+Extensions.swift"; sourceTree = "<group>"; };
		4848F19A262863F300B434E2 /* UserDefaults+Extensions.swift */ = {isa = PBXFileReference; fileEncoding = 4; lastKnownFileType = sourcecode.swift; path = "UserDefaults+Extensions.swift"; sourceTree = "<group>"; };
		4848F19B262863F300B434E2 /* ChartIQLineType+Extensions.swift */ = {isa = PBXFileReference; fileEncoding = 4; lastKnownFileType = sourcecode.swift; path = "ChartIQLineType+Extensions.swift"; sourceTree = "<group>"; };
		4848F19C262863F300B434E2 /* CGFloat+Extensions.swift */ = {isa = PBXFileReference; fileEncoding = 4; lastKnownFileType = sourcecode.swift; path = "CGFloat+Extensions.swift"; sourceTree = "<group>"; };
		4848F19D262863F300B434E2 /* UICollectionView+Extensions.swift */ = {isa = PBXFileReference; fileEncoding = 4; lastKnownFileType = sourcecode.swift; path = "UICollectionView+Extensions.swift"; sourceTree = "<group>"; };
		4848F19E262863F300B434E2 /* LineModel+Extensions.swift */ = {isa = PBXFileReference; fileEncoding = 4; lastKnownFileType = sourcecode.swift; path = "LineModel+Extensions.swift"; sourceTree = "<group>"; };
		4848F1A1262863F300B434E2 /* SeriesViewController.swift */ = {isa = PBXFileReference; fileEncoding = 4; lastKnownFileType = sourcecode.swift; path = SeriesViewController.swift; sourceTree = "<group>"; };
		4848F1A3262863F300B434E2 /* LanguagesViewController.swift */ = {isa = PBXFileReference; fileEncoding = 4; lastKnownFileType = sourcecode.swift; path = LanguagesViewController.swift; sourceTree = "<group>"; };
		4848F1A4262863F300B434E2 /* ChartStyleViewController.swift */ = {isa = PBXFileReference; fileEncoding = 4; lastKnownFileType = sourcecode.swift; path = ChartStyleViewController.swift; sourceTree = "<group>"; };
		4848F1A5262863F300B434E2 /* SettingsViewController.swift */ = {isa = PBXFileReference; fileEncoding = 4; lastKnownFileType = sourcecode.swift; path = SettingsViewController.swift; sourceTree = "<group>"; };
		4848F1A7262863F300B434E2 /* StudiesViewController.swift */ = {isa = PBXFileReference; fileEncoding = 4; lastKnownFileType = sourcecode.swift; path = StudiesViewController.swift; sourceTree = "<group>"; };
		4848F1A8262863F300B434E2 /* StudyDetailViewController.swift */ = {isa = PBXFileReference; fileEncoding = 4; lastKnownFileType = sourcecode.swift; path = StudyDetailViewController.swift; sourceTree = "<group>"; };
		4848F1A9262863F300B434E2 /* AllStudiesViewController.swift */ = {isa = PBXFileReference; fileEncoding = 4; lastKnownFileType = sourcecode.swift; path = AllStudiesViewController.swift; sourceTree = "<group>"; };
		4848F1AB262863F300B434E2 /* IntervalsViewController.swift */ = {isa = PBXFileReference; fileEncoding = 4; lastKnownFileType = sourcecode.swift; path = IntervalsViewController.swift; sourceTree = "<group>"; };
		4848F1AD262863F300B434E2 /* SelectOptionViewController.swift */ = {isa = PBXFileReference; fileEncoding = 4; lastKnownFileType = sourcecode.swift; path = SelectOptionViewController.swift; sourceTree = "<group>"; };
		4848F1AE262863F300B434E2 /* FullScreenPickerViewController.swift */ = {isa = PBXFileReference; fileEncoding = 4; lastKnownFileType = sourcecode.swift; path = FullScreenPickerViewController.swift; sourceTree = "<group>"; };
		4848F1B0262863F300B434E2 /* SearchSymbolsViewController.swift */ = {isa = PBXFileReference; fileEncoding = 4; lastKnownFileType = sourcecode.swift; path = SearchSymbolsViewController.swift; sourceTree = "<group>"; };
		4848F1B2262863F300B434E2 /* DeviationsViewController.swift */ = {isa = PBXFileReference; fileEncoding = 4; lastKnownFileType = sourcecode.swift; path = DeviationsViewController.swift; sourceTree = "<group>"; };
		4848F1B3262863F300B434E2 /* FibSettingsViewController.swift */ = {isa = PBXFileReference; fileEncoding = 4; lastKnownFileType = sourcecode.swift; path = FibSettingsViewController.swift; sourceTree = "<group>"; };
		4848F1B4262863F300B434E2 /* DrawToolSettingsViewController.swift */ = {isa = PBXFileReference; fileEncoding = 4; lastKnownFileType = sourcecode.swift; path = DrawToolSettingsViewController.swift; sourceTree = "<group>"; };
		4848F1B5262863F300B434E2 /* DrawToolsViewController.swift */ = {isa = PBXFileReference; fileEncoding = 4; lastKnownFileType = sourcecode.swift; path = DrawToolsViewController.swift; sourceTree = "<group>"; };
		4848F1B7262863F300B434E2 /* BaseViewController.swift */ = {isa = PBXFileReference; fileEncoding = 4; lastKnownFileType = sourcecode.swift; path = BaseViewController.swift; sourceTree = "<group>"; };
		4848F1BA262863F300B434E2 /* NavigationController.swift */ = {isa = PBXFileReference; fileEncoding = 4; lastKnownFileType = sourcecode.swift; path = NavigationController.swift; sourceTree = "<group>"; };
		4848F1BF262863F300B434E2 /* ToggleTableCell.swift */ = {isa = PBXFileReference; fileEncoding = 4; lastKnownFileType = sourcecode.swift; path = ToggleTableCell.swift; sourceTree = "<group>"; };
		4848F1C0262863F300B434E2 /* ToggleTableCell.xib */ = {isa = PBXFileReference; fileEncoding = 4; lastKnownFileType = file.xib; path = ToggleTableCell.xib; sourceTree = "<group>"; };
		4848F1C2262863F300B434E2 /* DrawToolTableCell.xib */ = {isa = PBXFileReference; fileEncoding = 4; lastKnownFileType = file.xib; path = DrawToolTableCell.xib; sourceTree = "<group>"; };
		4848F1C3262863F300B434E2 /* DrawToolTableCell.swift */ = {isa = PBXFileReference; fileEncoding = 4; lastKnownFileType = sourcecode.swift; path = DrawToolTableCell.swift; sourceTree = "<group>"; };
		4848F1C5262863F300B434E2 /* ButtonTableCell.swift */ = {isa = PBXFileReference; fileEncoding = 4; lastKnownFileType = sourcecode.swift; path = ButtonTableCell.swift; sourceTree = "<group>"; };
		4848F1C6262863F300B434E2 /* ButtonTableCell.xib */ = {isa = PBXFileReference; fileEncoding = 4; lastKnownFileType = file.xib; path = ButtonTableCell.xib; sourceTree = "<group>"; };
		4848F1C8262863F300B434E2 /* StudyTableCell.swift */ = {isa = PBXFileReference; fileEncoding = 4; lastKnownFileType = sourcecode.swift; path = StudyTableCell.swift; sourceTree = "<group>"; };
		4848F1C9262863F300B434E2 /* StudyTableCell.xib */ = {isa = PBXFileReference; fileEncoding = 4; lastKnownFileType = file.xib; path = StudyTableCell.xib; sourceTree = "<group>"; };
		4848F1CB262863F300B434E2 /* DrawToolTableCell.xib */ = {isa = PBXFileReference; fileEncoding = 4; lastKnownFileType = file.xib; path = DrawToolTableCell.xib; sourceTree = "<group>"; };
		4848F1CC262863F300B434E2 /* DrawToolTableCell.swift */ = {isa = PBXFileReference; fileEncoding = 4; lastKnownFileType = sourcecode.swift; path = DrawToolTableCell.swift; sourceTree = "<group>"; };
		4848F1CE262863F300B434E2 /* FibInputTableCell.xib */ = {isa = PBXFileReference; fileEncoding = 4; lastKnownFileType = file.xib; path = FibInputTableCell.xib; sourceTree = "<group>"; };
		4848F1CF262863F300B434E2 /* FibInputTableCell.swift */ = {isa = PBXFileReference; fileEncoding = 4; lastKnownFileType = sourcecode.swift; path = FibInputTableCell.swift; sourceTree = "<group>"; };
		4848F1D1262863F300B434E2 /* LineTableCell.xib */ = {isa = PBXFileReference; fileEncoding = 4; lastKnownFileType = file.xib; path = LineTableCell.xib; sourceTree = "<group>"; };
		4848F1D2262863F300B434E2 /* LineTableCell.swift */ = {isa = PBXFileReference; fileEncoding = 4; lastKnownFileType = sourcecode.swift; path = LineTableCell.swift; sourceTree = "<group>"; };
		4848F1D4262863F300B434E2 /* BaseTableCell.swift */ = {isa = PBXFileReference; fileEncoding = 4; lastKnownFileType = sourcecode.swift; path = BaseTableCell.swift; sourceTree = "<group>"; };
		4848F1D5262863F300B434E2 /* BaseTableCell.xib */ = {isa = PBXFileReference; fileEncoding = 4; lastKnownFileType = file.xib; path = BaseTableCell.xib; sourceTree = "<group>"; };
		4848F1D7262863F300B434E2 /* SymbolTableCell.xib */ = {isa = PBXFileReference; fileEncoding = 4; lastKnownFileType = file.xib; path = SymbolTableCell.xib; sourceTree = "<group>"; };
		4848F1D8262863F300B434E2 /* SymbolTableCell.swift */ = {isa = PBXFileReference; fileEncoding = 4; lastKnownFileType = sourcecode.swift; path = SymbolTableCell.swift; sourceTree = "<group>"; };
		4848F1DA262863F300B434E2 /* SelectTableCell.xib */ = {isa = PBXFileReference; fileEncoding = 4; lastKnownFileType = file.xib; path = SelectTableCell.xib; sourceTree = "<group>"; };
		4848F1DB262863F300B434E2 /* SelectTableCell.swift */ = {isa = PBXFileReference; fileEncoding = 4; lastKnownFileType = sourcecode.swift; path = SelectTableCell.swift; sourceTree = "<group>"; };
		4848F1DD262863F300B434E2 /* DisclosureTableCell.swift */ = {isa = PBXFileReference; fileEncoding = 4; lastKnownFileType = sourcecode.swift; path = DisclosureTableCell.swift; sourceTree = "<group>"; };
		4848F1DE262863F300B434E2 /* DisclosureTableCell.xib */ = {isa = PBXFileReference; fileEncoding = 4; lastKnownFileType = file.xib; path = DisclosureTableCell.xib; sourceTree = "<group>"; };
		4848F1E0262863F300B434E2 /* FontTableCell.xib */ = {isa = PBXFileReference; fileEncoding = 4; lastKnownFileType = file.xib; path = FontTableCell.xib; sourceTree = "<group>"; };
		4848F1E1262863F300B434E2 /* FontTableCell.swift */ = {isa = PBXFileReference; fileEncoding = 4; lastKnownFileType = sourcecode.swift; path = FontTableCell.swift; sourceTree = "<group>"; };
		4848F1E3262863F300B434E2 /* TextTableCell.xib */ = {isa = PBXFileReference; fileEncoding = 4; lastKnownFileType = file.xib; path = TextTableCell.xib; sourceTree = "<group>"; };
		4848F1E4262863F300B434E2 /* TextTableCell.swift */ = {isa = PBXFileReference; fileEncoding = 4; lastKnownFileType = sourcecode.swift; path = TextTableCell.swift; sourceTree = "<group>"; };
		4848F1E6262863F300B434E2 /* TextColorTableCell.xib */ = {isa = PBXFileReference; fileEncoding = 4; lastKnownFileType = file.xib; path = TextColorTableCell.xib; sourceTree = "<group>"; };
		4848F1E7262863F300B434E2 /* TextColorTableCell.swift */ = {isa = PBXFileReference; fileEncoding = 4; lastKnownFileType = sourcecode.swift; path = TextColorTableCell.swift; sourceTree = "<group>"; };
		4848F1EA262863F300B434E2 /* DrawToolColorCell.xib */ = {isa = PBXFileReference; fileEncoding = 4; lastKnownFileType = file.xib; path = DrawToolColorCell.xib; sourceTree = "<group>"; };
		4848F1EB262863F300B434E2 /* DrawToolColorCell.swift */ = {isa = PBXFileReference; fileEncoding = 4; lastKnownFileType = sourcecode.swift; path = DrawToolColorCell.swift; sourceTree = "<group>"; };
		4848F1ED262863F300B434E2 /* FilterCollectionCell.xib */ = {isa = PBXFileReference; fileEncoding = 4; lastKnownFileType = file.xib; path = FilterCollectionCell.xib; sourceTree = "<group>"; };
		4848F1EE262863F300B434E2 /* FilterCollectionCell.swift */ = {isa = PBXFileReference; fileEncoding = 4; lastKnownFileType = sourcecode.swift; path = FilterCollectionCell.swift; sourceTree = "<group>"; };
		4848F1F0262863F300B434E2 /* DrawToolBaseCell.xib */ = {isa = PBXFileReference; fileEncoding = 4; lastKnownFileType = file.xib; path = DrawToolBaseCell.xib; sourceTree = "<group>"; };
		4848F1F1262863F300B434E2 /* DrawToolBaseCell.swift */ = {isa = PBXFileReference; fileEncoding = 4; lastKnownFileType = sourcecode.swift; path = DrawToolBaseCell.swift; sourceTree = "<group>"; };
		4848F1F3262863F300B434E2 /* ColorPickerCollectionCell.xib */ = {isa = PBXFileReference; fileEncoding = 4; lastKnownFileType = file.xib; path = ColorPickerCollectionCell.xib; sourceTree = "<group>"; };
		4848F1F4262863F300B434E2 /* ColorPickerCollectionCell.swift */ = {isa = PBXFileReference; fileEncoding = 4; lastKnownFileType = sourcecode.swift; path = ColorPickerCollectionCell.swift; sourceTree = "<group>"; };
		4848F1F6262863F300B434E2 /* LinePickerCollectionCell.xib */ = {isa = PBXFileReference; fileEncoding = 4; lastKnownFileType = file.xib; path = LinePickerCollectionCell.xib; sourceTree = "<group>"; };
		4848F1F7262863F300B434E2 /* LinePickerCollectionCell.swift */ = {isa = PBXFileReference; fileEncoding = 4; lastKnownFileType = sourcecode.swift; path = LinePickerCollectionCell.swift; sourceTree = "<group>"; };
		4848F1F9262863F300B434E2 /* ChartButton.swift */ = {isa = PBXFileReference; fileEncoding = 4; lastKnownFileType = sourcecode.swift; path = ChartButton.swift; sourceTree = "<group>"; };
		4848F1FA262863F300B434E2 /* FloatingButton.swift */ = {isa = PBXFileReference; fileEncoding = 4; lastKnownFileType = sourcecode.swift; path = FloatingButton.swift; sourceTree = "<group>"; };
		4848F1FC262863F300B434E2 /* CustomTextField.swift */ = {isa = PBXFileReference; fileEncoding = 4; lastKnownFileType = sourcecode.swift; path = CustomTextField.swift; sourceTree = "<group>"; };
		4848F1FF262863F300B434E2 /* NavigationView.xib */ = {isa = PBXFileReference; fileEncoding = 4; lastKnownFileType = file.xib; path = NavigationView.xib; sourceTree = "<group>"; };
		4848F200262863F300B434E2 /* NavigationView.swift */ = {isa = PBXFileReference; fileEncoding = 4; lastKnownFileType = sourcecode.swift; path = NavigationView.swift; sourceTree = "<group>"; };
		4848F202262863F300B434E2 /* DrawToolControlView.xib */ = {isa = PBXFileReference; fileEncoding = 4; lastKnownFileType = file.xib; path = DrawToolControlView.xib; sourceTree = "<group>"; };
		4848F203262863F300B434E2 /* DrawToolControlView.swift */ = {isa = PBXFileReference; fileEncoding = 4; lastKnownFileType = sourcecode.swift; path = DrawToolControlView.swift; sourceTree = "<group>"; };
		4848F205262863F300B434E2 /* CrosshairInfoView.xib */ = {isa = PBXFileReference; fileEncoding = 4; lastKnownFileType = file.xib; path = CrosshairInfoView.xib; sourceTree = "<group>"; };
		4848F206262863F300B434E2 /* CrosshairInfoView.swift */ = {isa = PBXFileReference; fileEncoding = 4; lastKnownFileType = sourcecode.swift; path = CrosshairInfoView.swift; sourceTree = "<group>"; };
		4848F208262863F300B434E2 /* CustomSearchController.swift */ = {isa = PBXFileReference; fileEncoding = 4; lastKnownFileType = sourcecode.swift; path = CustomSearchController.swift; sourceTree = "<group>"; };
		4848F20A262863F300B434E2 /* HorizontalFilterView.xib */ = {isa = PBXFileReference; fileEncoding = 4; lastKnownFileType = file.xib; path = HorizontalFilterView.xib; sourceTree = "<group>"; };
		4848F20B262863F300B434E2 /* HorizontalFilterView.swift */ = {isa = PBXFileReference; fileEncoding = 4; lastKnownFileType = sourcecode.swift; path = HorizontalFilterView.swift; sourceTree = "<group>"; };
		4848F20D262863F300B434E2 /* HorizontalPickerView.swift */ = {isa = PBXFileReference; fileEncoding = 4; lastKnownFileType = sourcecode.swift; path = HorizontalPickerView.swift; sourceTree = "<group>"; };
		4848F20E262863F300B434E2 /* HorizontalPickerView.xib */ = {isa = PBXFileReference; fileEncoding = 4; lastKnownFileType = file.xib; path = HorizontalPickerView.xib; sourceTree = "<group>"; };
		4848F210262863F300B434E2 /* StudiesService.swift */ = {isa = PBXFileReference; fileEncoding = 4; lastKnownFileType = sourcecode.swift; path = StudiesService.swift; sourceTree = "<group>"; };
		4848F211262863F300B434E2 /* SearchSymbolsService.swift */ = {isa = PBXFileReference; fileEncoding = 4; lastKnownFileType = sourcecode.swift; path = SearchSymbolsService.swift; sourceTree = "<group>"; };
		4848F212262863F300B434E2 /* DrawToolsService.swift */ = {isa = PBXFileReference; fileEncoding = 4; lastKnownFileType = sourcecode.swift; path = DrawToolsService.swift; sourceTree = "<group>"; };
		4848F213262863F300B434E2 /* DataSimulatorService.swift */ = {isa = PBXFileReference; fileEncoding = 4; lastKnownFileType = sourcecode.swift; path = DataSimulatorService.swift; sourceTree = "<group>"; };
		48908CEE2452DEC100E50153 /* TabBarController.swift */ = {isa = PBXFileReference; fileEncoding = 4; lastKnownFileType = sourcecode.swift; path = TabBarController.swift; sourceTree = "<group>"; };
		48908D012452E0A300E50153 /* ChartViewController.swift */ = {isa = PBXFileReference; fileEncoding = 4; indentWidth = 2; lastKnownFileType = sourcecode.swift; path = ChartViewController.swift; sourceTree = "<group>"; tabWidth = 2; };
		48908D072452E13800E50153 /* Chart.storyboard */ = {isa = PBXFileReference; fileEncoding = 4; lastKnownFileType = file.storyboard; path = Chart.storyboard; sourceTree = "<group>"; };
		CE386946240E8C1F00CC63C2 /* ChartIQTabBarDemo.app */ = {isa = PBXFileReference; explicitFileType = wrapper.application; includeInIndex = 0; path = ChartIQTabBarDemo.app; sourceTree = BUILT_PRODUCTS_DIR; };
		CE7765E2240E8CB7001DE51E /* SceneDelegate.swift */ = {isa = PBXFileReference; fileEncoding = 4; lastKnownFileType = sourcecode.swift; path = SceneDelegate.swift; sourceTree = "<group>"; };
		CE7765E5240E8CB7001DE51E /* Info.plist */ = {isa = PBXFileReference; fileEncoding = 4; lastKnownFileType = text.plist.xml; path = Info.plist; sourceTree = "<group>"; };
		CE7765F2240E8CB7001DE51E /* Assets.xcassets */ = {isa = PBXFileReference; lastKnownFileType = folder.assetcatalog; path = Assets.xcassets; sourceTree = "<group>"; };
		CE7765F4240E8CB7001DE51E /* AppDelegate.swift */ = {isa = PBXFileReference; fileEncoding = 4; lastKnownFileType = sourcecode.swift; path = AppDelegate.swift; sourceTree = "<group>"; };
/* End PBXFileReference section */

/* Begin PBXFrameworksBuildPhase section */
		CE386943240E8C1F00CC63C2 /* Frameworks */ = {
			isa = PBXFrameworksBuildPhase;
			buildActionMask = 2147483647;
			files = (
				4818D2D3260E070B00D2D018 /* ChartIQ.framework in Frameworks */,
			);
			runOnlyForDeploymentPostprocessing = 0;
		};
/* End PBXFrameworksBuildPhase section */

/* Begin PBXGroup section */
		4803D41F251B28E000D3E089 /* Base */ = {
			isa = PBXGroup;
			children = (
				48908CEE2452DEC100E50153 /* TabBarController.swift */,
			);
			path = Base;
			sourceTree = "<group>";
		};
		4818D2B4260E009F00D2D018 /* Products */ = {
			isa = PBXGroup;
			children = (
				4818D2B9260E009F00D2D018 /* ChartIQ.framework */,
				4818D2BB260E009F00D2D018 /* ChartIQTests.xctest */,
			);
			name = Products;
			sourceTree = "<group>";
		};
		4848F154262863F300B434E2 /* SharedDemo */ = {
			isa = PBXGroup;
			children = (
				4848F155262863F300B434E2 /* Routers */,
				4848F158262863F300B434E2 /* Storyboards */,
				4848F167262863F300B434E2 /* Constants */,
				4848F169262863F300B434E2 /* Managers */,
				4848F16C262863F300B434E2 /* Models */,
				4848F188262863F300B434E2 /* Extensions */,
				4848F19F262863F300B434E2 /* ViewControllers */,
				4848F1B8262863F300B434E2 /* Controllers */,
				4848F1BB262863F300B434E2 /* Views */,
				4848F20F262863F300B434E2 /* Services */,
			);
			name = SharedDemo;
			path = ../Demo/SharedDemo;
			sourceTree = "<group>";
		};
		4848F155262863F300B434E2 /* Routers */ = {
			isa = PBXGroup;
			children = (
				4848F156262863F300B434E2 /* Chart */,
			);
			path = Routers;
			sourceTree = "<group>";
		};
		4848F156262863F300B434E2 /* Chart */ = {
			isa = PBXGroup;
			children = (
				4848F157262863F300B434E2 /* ChartRouter.swift */,
			);
			path = Chart;
			sourceTree = "<group>";
		};
		4848F158262863F300B434E2 /* Storyboards */ = {
			isa = PBXGroup;
			children = (
				4848F159262863F300B434E2 /* Series */,
				4848F15B262863F300B434E2 /* Settings */,
				4848F15D262863F300B434E2 /* Studies */,
				4848F15F262863F300B434E2 /* Intervals */,
				4848F161262863F300B434E2 /* Common */,
				4848F163262863F300B434E2 /* Symbols */,
				4848F165262863F300B434E2 /* DrawTools */,
			);
			path = Storyboards;
			sourceTree = "<group>";
		};
		4848F159262863F300B434E2 /* Series */ = {
			isa = PBXGroup;
			children = (
				4848F15A262863F300B434E2 /* Series.storyboard */,
			);
			path = Series;
			sourceTree = "<group>";
		};
		4848F15B262863F300B434E2 /* Settings */ = {
			isa = PBXGroup;
			children = (
				4848F15C262863F300B434E2 /* Settings.storyboard */,
			);
			path = Settings;
			sourceTree = "<group>";
		};
		4848F15D262863F300B434E2 /* Studies */ = {
			isa = PBXGroup;
			children = (
				4848F15E262863F300B434E2 /* Studies.storyboard */,
			);
			path = Studies;
			sourceTree = "<group>";
		};
		4848F15F262863F300B434E2 /* Intervals */ = {
			isa = PBXGroup;
			children = (
				4848F160262863F300B434E2 /* Intervals.storyboard */,
			);
			path = Intervals;
			sourceTree = "<group>";
		};
		4848F161262863F300B434E2 /* Common */ = {
			isa = PBXGroup;
			children = (
				4848F162262863F300B434E2 /* Common.storyboard */,
			);
			path = Common;
			sourceTree = "<group>";
		};
		4848F163262863F300B434E2 /* Symbols */ = {
			isa = PBXGroup;
			children = (
				4848F164262863F300B434E2 /* Symbols.storyboard */,
			);
			path = Symbols;
			sourceTree = "<group>";
		};
		4848F165262863F300B434E2 /* DrawTools */ = {
			isa = PBXGroup;
			children = (
				4848F166262863F300B434E2 /* DrawTools.storyboard */,
			);
			path = DrawTools;
			sourceTree = "<group>";
		};
		4848F167262863F300B434E2 /* Constants */ = {
			isa = PBXGroup;
			children = (
				4848F168262863F300B434E2 /* Const.swift */,
			);
			path = Constants;
			sourceTree = "<group>";
		};
		4848F169262863F300B434E2 /* Managers */ = {
			isa = PBXGroup;
			children = (
				4848F16A262863F300B434E2 /* LocalizationManager.swift */,
				4848F16B262863F300B434E2 /* DeviceManager.swift */,
			);
			path = Managers;
			sourceTree = "<group>";
		};
		4848F16C262863F300B434E2 /* Models */ = {
			isa = PBXGroup;
			children = (
				4848F16D262863F300B434E2 /* ViewModels */,
				4848F180262863F300B434E2 /* Models */,
			);
			path = Models;
			sourceTree = "<group>";
		};
		4848F16D262863F300B434E2 /* ViewModels */ = {
			isa = PBXGroup;
			children = (
				4848F16E262863F300B434E2 /* NumberTableCellViewModel.swift */,
				4848F16F262863F300B434E2 /* FibSettingsTableCellViewModel.swift */,
				4848F170262863F300B434E2 /* SelectTableCellViewModel.swift */,
				4848F171262863F300B434E2 /* DisclosureTableCellViewModel.swift */,
				4848F172262863F300B434E2 /* StudyTableCellViewModel.swift */,
				4848F173262863F300B434E2 /* ColorTableCellViewModel.swift */,
				4848F174262863F300B434E2 /* TextColorTableCellViewModel.swift */,
				4848F175262863F300B434E2 /* ToggleTableCellViewModel.swift */,
				4848F176262863F300B434E2 /* DrawToolViewModel.swift */,
				4848F177262863F300B434E2 /* LineTableCellViewModel.swift */,
				4848F178262863F300B434E2 /* FibInputTableCellViewModel.swift */,
				4848F179262863F300B434E2 /* DrawToolBaseViewModel.swift */,
				4848F17A262863F300B434E2 /* ButtonTableCellViewModel.swift */,
				4848F17B262863F300B434E2 /* TextTableCellViewModel.swift */,
				4848F17C262863F300B434E2 /* DeviationsTableCellViewModel.swift */,
				4848F17D262863F300B434E2 /* BaseTableCellViewModel.swift */,
				4848F17E262863F300B434E2 /* FontTableCellViewModel.swift */,
				4848F17F262863F300B434E2 /* DrawToolColorViewModel.swift */,
			);
			path = ViewModels;
			sourceTree = "<group>";
		};
		4848F180262863F300B434E2 /* Models */ = {
			isa = PBXGroup;
			children = (
				4848F181262863F300B434E2 /* IntervalModel.swift */,
				4848F182262863F300B434E2 /* DeviationModel.swift */,
				4848F183262863F300B434E2 /* LanguageModel.swift */,
				4848F184262863F300B434E2 /* PickerViewItem.swift */,
				4848F185262863F300B434E2 /* LineModel.swift */,
				4848F186262863F300B434E2 /* ChartStyleModel.swift */,
				4848F187262863F300B434E2 /* SymbolModel.swift */,
			);
			path = Models;
			sourceTree = "<group>";
		};
		4848F188262863F300B434E2 /* Extensions */ = {
			isa = PBXGroup;
			children = (
				4848F189262863F300B434E2 /* ChartIQDrawingTool+Extensions.swift */,
				4848F18A262863F300B434E2 /* Array+Extensions.swift */,
				4848F18B262863F300B434E2 /* ChartIQChartType+Extensions.swift */,
				4848F18C262863F300B434E2 /* UIVisualEffectView+Extensions.swift */,
				4848F18D262863F300B434E2 /* UIViewController+Extensions.swift */,
				4848F18E262863F300B434E2 /* UIButton+Extensions.swift */,
				4848F18F262863F300B434E2 /* UIView+Extensions.swift */,
				4848F190262863F300B434E2 /* String+Extensions.swift */,
				4848F191262863F300B434E2 /* UITabBarController+Extensions.swift */,
				4848F192262863F300B434E2 /* UIColor+Extensions.swift */,
				4848F193262863F300B434E2 /* UIImage+Extensions.swift */,
				4848F194262863F300B434E2 /* UISearchBar+Extensions.swift */,
				4848F195262863F300B434E2 /* ChartIQChartAggregationType+Extensions.swift */,
				4848F196262863F300B434E2 /* UISearchController+Extensions.swift */,
				4848F197262863F300B434E2 /* UIStackView+Extensions.swift */,
				4848F198262863F300B434E2 /* UIStoryboard+Extensions.swift */,
				4848F199262863F300B434E2 /* UITableView+Extensions.swift */,
				4848F19A262863F300B434E2 /* UserDefaults+Extensions.swift */,
				4848F19B262863F300B434E2 /* ChartIQLineType+Extensions.swift */,
				4848F19C262863F300B434E2 /* CGFloat+Extensions.swift */,
				4848F19D262863F300B434E2 /* UICollectionView+Extensions.swift */,
				4848F19E262863F300B434E2 /* LineModel+Extensions.swift */,
			);
			path = Extensions;
			sourceTree = "<group>";
		};
		4848F19F262863F300B434E2 /* ViewControllers */ = {
			isa = PBXGroup;
			children = (
				4848F1A0262863F300B434E2 /* Series */,
				4848F1A2262863F300B434E2 /* Settings */,
				4848F1A6262863F300B434E2 /* Studies */,
				4848F1AA262863F300B434E2 /* Intervals */,
				4848F1AC262863F300B434E2 /* Common */,
				4848F1AF262863F300B434E2 /* Symbols */,
				4848F1B1262863F300B434E2 /* DrawTools */,
				4848F1B6262863F300B434E2 /* Base */,
			);
			path = ViewControllers;
			sourceTree = "<group>";
		};
		4848F1A0262863F300B434E2 /* Series */ = {
			isa = PBXGroup;
			children = (
				4848F1A1262863F300B434E2 /* SeriesViewController.swift */,
			);
			path = Series;
			sourceTree = "<group>";
		};
		4848F1A2262863F300B434E2 /* Settings */ = {
			isa = PBXGroup;
			children = (
				4848F1A3262863F300B434E2 /* LanguagesViewController.swift */,
				4848F1A4262863F300B434E2 /* ChartStyleViewController.swift */,
				4848F1A5262863F300B434E2 /* SettingsViewController.swift */,
			);
			path = Settings;
			sourceTree = "<group>";
		};
		4848F1A6262863F300B434E2 /* Studies */ = {
			isa = PBXGroup;
			children = (
				4848F1A7262863F300B434E2 /* StudiesViewController.swift */,
				4848F1A8262863F300B434E2 /* StudyDetailViewController.swift */,
				4848F1A9262863F300B434E2 /* AllStudiesViewController.swift */,
			);
			path = Studies;
			sourceTree = "<group>";
		};
		4848F1AA262863F300B434E2 /* Intervals */ = {
			isa = PBXGroup;
			children = (
				4848F1AB262863F300B434E2 /* IntervalsViewController.swift */,
			);
			path = Intervals;
			sourceTree = "<group>";
		};
		4848F1AC262863F300B434E2 /* Common */ = {
			isa = PBXGroup;
			children = (
				4848F1AD262863F300B434E2 /* SelectOptionViewController.swift */,
				4848F1AE262863F300B434E2 /* FullScreenPickerViewController.swift */,
			);
			path = Common;
			sourceTree = "<group>";
		};
		4848F1AF262863F300B434E2 /* Symbols */ = {
			isa = PBXGroup;
			children = (
				4848F1B0262863F300B434E2 /* SearchSymbolsViewController.swift */,
			);
			path = Symbols;
			sourceTree = "<group>";
		};
		4848F1B1262863F300B434E2 /* DrawTools */ = {
			isa = PBXGroup;
			children = (
				4848F1B2262863F300B434E2 /* DeviationsViewController.swift */,
				4848F1B3262863F300B434E2 /* FibSettingsViewController.swift */,
				4848F1B4262863F300B434E2 /* DrawToolSettingsViewController.swift */,
				4848F1B5262863F300B434E2 /* DrawToolsViewController.swift */,
			);
			path = DrawTools;
			sourceTree = "<group>";
		};
		4848F1B6262863F300B434E2 /* Base */ = {
			isa = PBXGroup;
			children = (
				4848F1B7262863F300B434E2 /* BaseViewController.swift */,
			);
			path = Base;
			sourceTree = "<group>";
		};
		4848F1B8262863F300B434E2 /* Controllers */ = {
			isa = PBXGroup;
			children = (
				4848F1B9262863F300B434E2 /* Base */,
			);
			path = Controllers;
			sourceTree = "<group>";
		};
		4848F1B9262863F300B434E2 /* Base */ = {
			isa = PBXGroup;
			children = (
				4848F1BA262863F300B434E2 /* NavigationController.swift */,
			);
			path = Base;
			sourceTree = "<group>";
		};
		4848F1BB262863F300B434E2 /* Views */ = {
			isa = PBXGroup;
			children = (
				4848F1BC262863F300B434E2 /* Cells */,
				4848F1F8262863F300B434E2 /* Buttons */,
				4848F1FB262863F300B434E2 /* TextFields */,
				4848F1FD262863F300B434E2 /* Views */,
			);
			path = Views;
			sourceTree = "<group>";
		};
		4848F1BC262863F300B434E2 /* Cells */ = {
			isa = PBXGroup;
			children = (
				4848F1BD262863F300B434E2 /* TableViewCells */,
				4848F1E8262863F300B434E2 /* CollectionViewCells */,
			);
			path = Cells;
			sourceTree = "<group>";
		};
		4848F1BD262863F300B434E2 /* TableViewCells */ = {
			isa = PBXGroup;
			children = (
				4848F1BE262863F300B434E2 /* ToggleTableCell */,
				4848F1C1262863F300B434E2 /* DrawToolTableCell */,
				4848F1C4262863F300B434E2 /* ButtonTableCell */,
				4848F1C7262863F300B434E2 /* StudyTableCell */,
				4848F1CA262863F300B434E2 /* DrawToolCell */,
				4848F1CD262863F300B434E2 /* FibInputTableCell */,
				4848F1D0262863F300B434E2 /* LineTableCell */,
				4848F1D3262863F300B434E2 /* BaseTableCell */,
				4848F1D6262863F300B434E2 /* SymbolTableCell */,
				4848F1D9262863F300B434E2 /* SelectTableCell */,
				4848F1DC262863F300B434E2 /* DisclosureTableCell */,
				4848F1DF262863F300B434E2 /* FontTableCell */,
				4848F1E2262863F300B434E2 /* TextTableCell */,
				4848F1E5262863F300B434E2 /* TextColorTableCell */,
			);
			path = TableViewCells;
			sourceTree = "<group>";
		};
		4848F1BE262863F300B434E2 /* ToggleTableCell */ = {
			isa = PBXGroup;
			children = (
				4848F1BF262863F300B434E2 /* ToggleTableCell.swift */,
				4848F1C0262863F300B434E2 /* ToggleTableCell.xib */,
			);
			path = ToggleTableCell;
			sourceTree = "<group>";
		};
		4848F1C1262863F300B434E2 /* DrawToolTableCell */ = {
			isa = PBXGroup;
			children = (
				4848F1C2262863F300B434E2 /* DrawToolTableCell.xib */,
				4848F1C3262863F300B434E2 /* DrawToolTableCell.swift */,
			);
			path = DrawToolTableCell;
			sourceTree = "<group>";
		};
		4848F1C4262863F300B434E2 /* ButtonTableCell */ = {
			isa = PBXGroup;
			children = (
				4848F1C5262863F300B434E2 /* ButtonTableCell.swift */,
				4848F1C6262863F300B434E2 /* ButtonTableCell.xib */,
			);
			path = ButtonTableCell;
			sourceTree = "<group>";
		};
		4848F1C7262863F300B434E2 /* StudyTableCell */ = {
			isa = PBXGroup;
			children = (
				4848F1C8262863F300B434E2 /* StudyTableCell.swift */,
				4848F1C9262863F300B434E2 /* StudyTableCell.xib */,
			);
			path = StudyTableCell;
			sourceTree = "<group>";
		};
		4848F1CA262863F300B434E2 /* DrawToolCell */ = {
			isa = PBXGroup;
			children = (
				4848F1CB262863F300B434E2 /* DrawToolTableCell.xib */,
				4848F1CC262863F300B434E2 /* DrawToolTableCell.swift */,
			);
			path = DrawToolCell;
			sourceTree = "<group>";
		};
		4848F1CD262863F300B434E2 /* FibInputTableCell */ = {
			isa = PBXGroup;
			children = (
				4848F1CE262863F300B434E2 /* FibInputTableCell.xib */,
				4848F1CF262863F300B434E2 /* FibInputTableCell.swift */,
			);
			path = FibInputTableCell;
			sourceTree = "<group>";
		};
		4848F1D0262863F300B434E2 /* LineTableCell */ = {
			isa = PBXGroup;
			children = (
				4848F1D1262863F300B434E2 /* LineTableCell.xib */,
				4848F1D2262863F300B434E2 /* LineTableCell.swift */,
			);
			path = LineTableCell;
			sourceTree = "<group>";
		};
		4848F1D3262863F300B434E2 /* BaseTableCell */ = {
			isa = PBXGroup;
			children = (
				4848F1D4262863F300B434E2 /* BaseTableCell.swift */,
				4848F1D5262863F300B434E2 /* BaseTableCell.xib */,
			);
			path = BaseTableCell;
			sourceTree = "<group>";
		};
		4848F1D6262863F300B434E2 /* SymbolTableCell */ = {
			isa = PBXGroup;
			children = (
				4848F1D7262863F300B434E2 /* SymbolTableCell.xib */,
				4848F1D8262863F300B434E2 /* SymbolTableCell.swift */,
			);
			path = SymbolTableCell;
			sourceTree = "<group>";
		};
		4848F1D9262863F300B434E2 /* SelectTableCell */ = {
			isa = PBXGroup;
			children = (
				4848F1DA262863F300B434E2 /* SelectTableCell.xib */,
				4848F1DB262863F300B434E2 /* SelectTableCell.swift */,
			);
			path = SelectTableCell;
			sourceTree = "<group>";
		};
		4848F1DC262863F300B434E2 /* DisclosureTableCell */ = {
			isa = PBXGroup;
			children = (
				4848F1DD262863F300B434E2 /* DisclosureTableCell.swift */,
				4848F1DE262863F300B434E2 /* DisclosureTableCell.xib */,
			);
			path = DisclosureTableCell;
			sourceTree = "<group>";
		};
		4848F1DF262863F300B434E2 /* FontTableCell */ = {
			isa = PBXGroup;
			children = (
				4848F1E0262863F300B434E2 /* FontTableCell.xib */,
				4848F1E1262863F300B434E2 /* FontTableCell.swift */,
			);
			path = FontTableCell;
			sourceTree = "<group>";
		};
		4848F1E2262863F300B434E2 /* TextTableCell */ = {
			isa = PBXGroup;
			children = (
				4848F1E3262863F300B434E2 /* TextTableCell.xib */,
				4848F1E4262863F300B434E2 /* TextTableCell.swift */,
			);
			path = TextTableCell;
			sourceTree = "<group>";
		};
		4848F1E5262863F300B434E2 /* TextColorTableCell */ = {
			isa = PBXGroup;
			children = (
				4848F1E6262863F300B434E2 /* TextColorTableCell.xib */,
				4848F1E7262863F300B434E2 /* TextColorTableCell.swift */,
			);
			path = TextColorTableCell;
			sourceTree = "<group>";
		};
		4848F1E8262863F300B434E2 /* CollectionViewCells */ = {
			isa = PBXGroup;
			children = (
				4848F1E9262863F300B434E2 /* DrawToolColorCell */,
				4848F1EC262863F300B434E2 /* FilterCollectionCell */,
				4848F1EF262863F300B434E2 /* DrawToolBaseCell */,
				4848F1F2262863F300B434E2 /* ColorPickerCollectionCell */,
				4848F1F5262863F300B434E2 /* LinePickerCollectionCell */,
			);
			path = CollectionViewCells;
			sourceTree = "<group>";
		};
		4848F1E9262863F300B434E2 /* DrawToolColorCell */ = {
			isa = PBXGroup;
			children = (
				4848F1EA262863F300B434E2 /* DrawToolColorCell.xib */,
				4848F1EB262863F300B434E2 /* DrawToolColorCell.swift */,
			);
			path = DrawToolColorCell;
			sourceTree = "<group>";
		};
		4848F1EC262863F300B434E2 /* FilterCollectionCell */ = {
			isa = PBXGroup;
			children = (
				4848F1ED262863F300B434E2 /* FilterCollectionCell.xib */,
				4848F1EE262863F300B434E2 /* FilterCollectionCell.swift */,
			);
			path = FilterCollectionCell;
			sourceTree = "<group>";
		};
		4848F1EF262863F300B434E2 /* DrawToolBaseCell */ = {
			isa = PBXGroup;
			children = (
				4848F1F0262863F300B434E2 /* DrawToolBaseCell.xib */,
				4848F1F1262863F300B434E2 /* DrawToolBaseCell.swift */,
			);
			path = DrawToolBaseCell;
			sourceTree = "<group>";
		};
		4848F1F2262863F300B434E2 /* ColorPickerCollectionCell */ = {
			isa = PBXGroup;
			children = (
				4848F1F3262863F300B434E2 /* ColorPickerCollectionCell.xib */,
				4848F1F4262863F300B434E2 /* ColorPickerCollectionCell.swift */,
			);
			path = ColorPickerCollectionCell;
			sourceTree = "<group>";
		};
		4848F1F5262863F300B434E2 /* LinePickerCollectionCell */ = {
			isa = PBXGroup;
			children = (
				4848F1F6262863F300B434E2 /* LinePickerCollectionCell.xib */,
				4848F1F7262863F300B434E2 /* LinePickerCollectionCell.swift */,
			);
			path = LinePickerCollectionCell;
			sourceTree = "<group>";
		};
		4848F1F8262863F300B434E2 /* Buttons */ = {
			isa = PBXGroup;
			children = (
				4848F1F9262863F300B434E2 /* ChartButton.swift */,
				4848F1FA262863F300B434E2 /* FloatingButton.swift */,
			);
			path = Buttons;
			sourceTree = "<group>";
		};
		4848F1FB262863F300B434E2 /* TextFields */ = {
			isa = PBXGroup;
			children = (
				4848F1FC262863F300B434E2 /* CustomTextField.swift */,
			);
			path = TextFields;
			sourceTree = "<group>";
		};
		4848F1FD262863F300B434E2 /* Views */ = {
			isa = PBXGroup;
			children = (
				4848F1FE262863F300B434E2 /* NavigationView */,
				4848F201262863F300B434E2 /* DrawToolControlView */,
				4848F204262863F300B434E2 /* CrosshairInfoView */,
				4848F207262863F300B434E2 /* CustomSearchController */,
				4848F209262863F300B434E2 /* HorizontalFilterView */,
				4848F20C262863F300B434E2 /* HorizontalPickerView */,
			);
			path = Views;
			sourceTree = "<group>";
		};
		4848F1FE262863F300B434E2 /* NavigationView */ = {
			isa = PBXGroup;
			children = (
				4848F1FF262863F300B434E2 /* NavigationView.xib */,
				4848F200262863F300B434E2 /* NavigationView.swift */,
			);
			path = NavigationView;
			sourceTree = "<group>";
		};
		4848F201262863F300B434E2 /* DrawToolControlView */ = {
			isa = PBXGroup;
			children = (
				4848F202262863F300B434E2 /* DrawToolControlView.xib */,
				4848F203262863F300B434E2 /* DrawToolControlView.swift */,
			);
			path = DrawToolControlView;
			sourceTree = "<group>";
		};
		4848F204262863F300B434E2 /* CrosshairInfoView */ = {
			isa = PBXGroup;
			children = (
				4848F205262863F300B434E2 /* CrosshairInfoView.xib */,
				4848F206262863F300B434E2 /* CrosshairInfoView.swift */,
			);
			path = CrosshairInfoView;
			sourceTree = "<group>";
		};
		4848F207262863F300B434E2 /* CustomSearchController */ = {
			isa = PBXGroup;
			children = (
				4848F208262863F300B434E2 /* CustomSearchController.swift */,
			);
			path = CustomSearchController;
			sourceTree = "<group>";
		};
		4848F209262863F300B434E2 /* HorizontalFilterView */ = {
			isa = PBXGroup;
			children = (
				4848F20A262863F300B434E2 /* HorizontalFilterView.xib */,
				4848F20B262863F300B434E2 /* HorizontalFilterView.swift */,
			);
			path = HorizontalFilterView;
			sourceTree = "<group>";
		};
		4848F20C262863F300B434E2 /* HorizontalPickerView */ = {
			isa = PBXGroup;
			children = (
				4848F20D262863F300B434E2 /* HorizontalPickerView.swift */,
				4848F20E262863F300B434E2 /* HorizontalPickerView.xib */,
			);
			path = HorizontalPickerView;
			sourceTree = "<group>";
		};
		4848F20F262863F300B434E2 /* Services */ = {
			isa = PBXGroup;
			children = (
				4848F210262863F300B434E2 /* StudiesService.swift */,
				4848F211262863F300B434E2 /* SearchSymbolsService.swift */,
				4848F212262863F300B434E2 /* DrawToolsService.swift */,
				4848F213262863F300B434E2 /* DataSimulatorService.swift */,
			);
			path = Services;
			sourceTree = "<group>";
		};
		48908CE12452DC7800E50153 /* Controllers */ = {
			isa = PBXGroup;
			children = (
				4803D41F251B28E000D3E089 /* Base */,
			);
			path = Controllers;
			sourceTree = "<group>";
		};
		48908CE22452DC8000E50153 /* ViewControllers */ = {
			isa = PBXGroup;
			children = (
				48908CE92452DE6F00E50153 /* Chart */,
			);
			path = ViewControllers;
			sourceTree = "<group>";
		};
		48908CE32452DE2300E50153 /* Base */ = {
			isa = PBXGroup;
			children = (
				CE7765DE240E8CB7001DE51E /* LaunchScreen.storyboard */,
				CE7765E0240E8CB7001DE51E /* Main.storyboard */,
			);
			path = Base;
			sourceTree = "<group>";
		};
		48908CE42452DE2E00E50153 /* Chart */ = {
			isa = PBXGroup;
			children = (
				48908D072452E13800E50153 /* Chart.storyboard */,
			);
			path = Chart;
			sourceTree = "<group>";
		};
		48908CE92452DE6F00E50153 /* Chart */ = {
			isa = PBXGroup;
			children = (
				48908D012452E0A300E50153 /* ChartViewController.swift */,
			);
			path = Chart;
			sourceTree = "<group>";
		};
		CE180F3F240EAFD100D045A5 /* Resources */ = {
			isa = PBXGroup;
			children = (
				CE7765F2240E8CB7001DE51E /* Assets.xcassets */,
			);
			path = Resources;
			sourceTree = "<group>";
		};
		CE180F40240EB00000D045A5 /* Supporting Files */ = {
			isa = PBXGroup;
			children = (
				CE7765F4240E8CB7001DE51E /* AppDelegate.swift */,
				CE7765E2240E8CB7001DE51E /* SceneDelegate.swift */,
				CE7765E5240E8CB7001DE51E /* Info.plist */,
			);
			path = "Supporting Files";
			sourceTree = "<group>";
		};
		CE38693D240E8C1F00CC63C2 = {
			isa = PBXGroup;
			children = (
				4848F154262863F300B434E2 /* SharedDemo */,
				CE386948240E8C1F00CC63C2 /* ChartIQTabBarDemo */,
				CE386947240E8C1F00CC63C2 /* Products */,
				4818D2B3260E009F00D2D018 /* ChartIQ.xcodeproj */,
			);
			sourceTree = "<group>";
		};
		CE386947240E8C1F00CC63C2 /* Products */ = {
			isa = PBXGroup;
			children = (
				CE386946240E8C1F00CC63C2 /* ChartIQTabBarDemo.app */,
			);
			name = Products;
			sourceTree = "<group>";
		};
		CE386948240E8C1F00CC63C2 /* ChartIQTabBarDemo */ = {
			isa = PBXGroup;
			children = (
				48908CE12452DC7800E50153 /* Controllers */,
				48908CE22452DC8000E50153 /* ViewControllers */,
				CE7765DD240E8CB7001DE51E /* Storyboards */,
				CE180F3F240EAFD100D045A5 /* Resources */,
				CE180F40240EB00000D045A5 /* Supporting Files */,
			);
			path = ChartIQTabBarDemo;
			sourceTree = "<group>";
		};
		CE7765DD240E8CB7001DE51E /* Storyboards */ = {
			isa = PBXGroup;
			children = (
				48908CE32452DE2300E50153 /* Base */,
				48908CE42452DE2E00E50153 /* Chart */,
			);
			path = Storyboards;
			sourceTree = "<group>";
		};
/* End PBXGroup section */

/* Begin PBXNativeTarget section */
		CE386945240E8C1F00CC63C2 /* ChartIQTabBarDemo */ = {
			isa = PBXNativeTarget;
			buildConfigurationList = CE386970240E8C2000CC63C2 /* Build configuration list for PBXNativeTarget "ChartIQTabBarDemo" */;
			buildPhases = (
				CE386942240E8C1F00CC63C2 /* Sources */,
				CE386943240E8C1F00CC63C2 /* Frameworks */,
				CE386944240E8C1F00CC63C2 /* Resources */,
				CE77662D240E8DCF001DE51E /* Embed Frameworks */,
				4814B7C4246293E5008E0BD8 /* SwiftLint */,
			);
			buildRules = (
			);
			dependencies = (
			);
			name = ChartIQTabBarDemo;
			productName = ChartIQApp;
			productReference = CE386946240E8C1F00CC63C2 /* ChartIQTabBarDemo.app */;
			productType = "com.apple.product-type.application";
		};
/* End PBXNativeTarget section */

/* Begin PBXProject section */
		CE38693E240E8C1F00CC63C2 /* Project object */ = {
			isa = PBXProject;
			attributes = {
				LastSwiftUpdateCheck = 1130;
				LastUpgradeCheck = 1300;
				ORGANIZATIONNAME = ChartIQ;
				TargetAttributes = {
					CE386945240E8C1F00CC63C2 = {
						CreatedOnToolsVersion = 11.3.1;
						LastSwiftMigration = 1130;
					};
				};
			};
			buildConfigurationList = CE386941240E8C1F00CC63C2 /* Build configuration list for PBXProject "ChartIQTabBarDemo" */;
			compatibilityVersion = "Xcode 9.3";
			developmentRegion = en;
			hasScannedForEncodings = 0;
			knownRegions = (
				en,
				Base,
				de,
				es,
				fr,
				hu,
				it,
				ja,
				pt,
				ar,
				zh,
				ru,
			);
			mainGroup = CE38693D240E8C1F00CC63C2;
			productRefGroup = CE386947240E8C1F00CC63C2 /* Products */;
			projectDirPath = "";
			projectReferences = (
				{
					ProductGroup = 4818D2B4260E009F00D2D018 /* Products */;
					ProjectRef = 4818D2B3260E009F00D2D018 /* ChartIQ.xcodeproj */;
				},
			);
			projectRoot = "";
			targets = (
				CE386945240E8C1F00CC63C2 /* ChartIQTabBarDemo */,
			);
		};
/* End PBXProject section */

/* Begin PBXReferenceProxy section */
		4818D2B9260E009F00D2D018 /* ChartIQ.framework */ = {
			isa = PBXReferenceProxy;
			fileType = wrapper.framework;
			path = ChartIQ.framework;
			remoteRef = 4818D2B8260E009F00D2D018 /* PBXContainerItemProxy */;
			sourceTree = BUILT_PRODUCTS_DIR;
		};
		4818D2BB260E009F00D2D018 /* ChartIQTests.xctest */ = {
			isa = PBXReferenceProxy;
			fileType = wrapper.cfbundle;
			path = ChartIQTests.xctest;
			remoteRef = 4818D2BA260E009F00D2D018 /* PBXContainerItemProxy */;
			sourceTree = BUILT_PRODUCTS_DIR;
		};
/* End PBXReferenceProxy section */

/* Begin PBXResourcesBuildPhase section */
		CE386944240E8C1F00CC63C2 /* Resources */ = {
			isa = PBXResourcesBuildPhase;
			buildActionMask = 2147483647;
			files = (
				4848F264262863F300B434E2 /* ButtonTableCell.xib in Resources */,
				4848F21A262863F300B434E2 /* Symbols.storyboard in Resources */,
				4848F26B262863F300B434E2 /* LineTableCell.xib in Resources */,
				4848F283262863F300B434E2 /* LinePickerCollectionCell.xib in Resources */,
				4848F28F262863F300B434E2 /* HorizontalFilterView.xib in Resources */,
				4848F275262863F300B434E2 /* FontTableCell.xib in Resources */,
				4848F21B262863F300B434E2 /* DrawTools.storyboard in Resources */,
				4848F269262863F300B434E2 /* FibInputTableCell.xib in Resources */,
				4848F215262863F300B434E2 /* Series.storyboard in Resources */,
				4848F277262863F300B434E2 /* TextTableCell.xib in Resources */,
				4848F288262863F300B434E2 /* NavigationView.xib in Resources */,
				CE7765FD240E8CB7001DE51E /* Main.storyboard in Resources */,
				4848F274262863F300B434E2 /* DisclosureTableCell.xib in Resources */,
				48908D082452E13800E50153 /* Chart.storyboard in Resources */,
				4848F27B262863F300B434E2 /* DrawToolColorCell.xib in Resources */,
				4848F279262863F300B434E2 /* TextColorTableCell.xib in Resources */,
				4848F219262863F300B434E2 /* Common.storyboard in Resources */,
				4848F28A262863F300B434E2 /* DrawToolControlView.xib in Resources */,
				4848F218262863F300B434E2 /* Intervals.storyboard in Resources */,
				4848F26F262863F300B434E2 /* SymbolTableCell.xib in Resources */,
				4848F292262863F300B434E2 /* HorizontalPickerView.xib in Resources */,
				4848F266262863F300B434E2 /* StudyTableCell.xib in Resources */,
				4848F27D262863F300B434E2 /* FilterCollectionCell.xib in Resources */,
				4848F267262863F300B434E2 /* DrawToolTableCell.xib in Resources */,
				4848F216262863F300B434E2 /* Settings.storyboard in Resources */,
				CE7765FC240E8CB7001DE51E /* LaunchScreen.storyboard in Resources */,
				4848F217262863F300B434E2 /* Studies.storyboard in Resources */,
				4848F260262863F300B434E2 /* ToggleTableCell.xib in Resources */,
				4848F27F262863F300B434E2 /* DrawToolBaseCell.xib in Resources */,
				4848F271262863F300B434E2 /* SelectTableCell.xib in Resources */,
				4848F26E262863F300B434E2 /* BaseTableCell.xib in Resources */,
				4848F28C262863F300B434E2 /* CrosshairInfoView.xib in Resources */,
				4848F281262863F300B434E2 /* ColorPickerCollectionCell.xib in Resources */,
				48B97BA12518DB090015BD0D /* Assets.xcassets in Resources */,
			);
			runOnlyForDeploymentPostprocessing = 0;
		};
/* End PBXResourcesBuildPhase section */

/* Begin PBXShellScriptBuildPhase section */
		4814B7C4246293E5008E0BD8 /* SwiftLint */ = {
			isa = PBXShellScriptBuildPhase;
			buildActionMask = 2147483647;
			files = (
			);
			inputFileListPaths = (
			);
			inputPaths = (
			);
			name = SwiftLint;
			outputFileListPaths = (
			);
			outputPaths = (
			);
			runOnlyForDeploymentPostprocessing = 0;
			shellPath = /bin/sh;
			shellScript = "# Type a script or drag a script file from your workspace to insert its path.\nif which swiftlint >/dev/null; then\n  swiftlint\nelse\n  echo \"warning: SwiftLint not installed, download from https://github.com/realm/SwiftLint\"\nfi\n";
		};
/* End PBXShellScriptBuildPhase section */

/* Begin PBXSourcesBuildPhase section */
		CE386942240E8C1F00CC63C2 /* Sources */ = {
			isa = PBXSourcesBuildPhase;
			buildActionMask = 2147483647;
			files = (
				4848F22C262863F300B434E2 /* TextTableCellViewModel.swift in Sources */,
				4848F249262863F300B434E2 /* UserDefaults+Extensions.swift in Sources */,
				4848F286262863F300B434E2 /* FloatingButton.swift in Sources */,
				4848F23A262863F300B434E2 /* ChartIQChartType+Extensions.swift in Sources */,
				4848F220262863F300B434E2 /* FibSettingsTableCellViewModel.swift in Sources */,
				4848F259262863F300B434E2 /* DeviationsViewController.swift in Sources */,
				4848F22F262863F300B434E2 /* FontTableCellViewModel.swift in Sources */,
				4848F238262863F300B434E2 /* ChartIQDrawingTool+Extensions.swift in Sources */,
				4848F295262863F300B434E2 /* DrawToolsService.swift in Sources */,
				4848F25A262863F300B434E2 /* FibSettingsViewController.swift in Sources */,
				4848F27C262863F300B434E2 /* DrawToolColorCell.swift in Sources */,
				4848F233262863F300B434E2 /* LanguageModel.swift in Sources */,
				4848F23C262863F300B434E2 /* UIViewController+Extensions.swift in Sources */,
				4848F253262863F300B434E2 /* StudyDetailViewController.swift in Sources */,
				4848F236262863F300B434E2 /* ChartStyleModel.swift in Sources */,
				CE77660F240E8CB7001DE51E /* AppDelegate.swift in Sources */,
				4848F243262863F300B434E2 /* UISearchBar+Extensions.swift in Sources */,
				4848F24F262863F300B434E2 /* LanguagesViewController.swift in Sources */,
				4848F251262863F300B434E2 /* SettingsViewController.swift in Sources */,
				4848F258262863F300B434E2 /* SearchSymbolsViewController.swift in Sources */,
				4848F26D262863F300B434E2 /* BaseTableCell.swift in Sources */,
				4848F223262863F300B434E2 /* StudyTableCellViewModel.swift in Sources */,
				4848F228262863F300B434E2 /* LineTableCellViewModel.swift in Sources */,
				4848F26A262863F300B434E2 /* FibInputTableCell.swift in Sources */,
				4848F21E262863F300B434E2 /* DeviceManager.swift in Sources */,
				4848F27E262863F300B434E2 /* FilterCollectionCell.swift in Sources */,
				4848F280262863F300B434E2 /* DrawToolBaseCell.swift in Sources */,
				4848F247262863F300B434E2 /* UIStoryboard+Extensions.swift in Sources */,
				4848F255262863F300B434E2 /* IntervalsViewController.swift in Sources */,
				4848F225262863F300B434E2 /* TextColorTableCellViewModel.swift in Sources */,
				4848F294262863F300B434E2 /* SearchSymbolsService.swift in Sources */,
				4848F214262863F300B434E2 /* ChartRouter.swift in Sources */,
				4848F28E262863F300B434E2 /* CustomSearchController.swift in Sources */,
				4848F25F262863F300B434E2 /* ToggleTableCell.swift in Sources */,
				4848F23F262863F300B434E2 /* String+Extensions.swift in Sources */,
				4848F242262863F300B434E2 /* UIImage+Extensions.swift in Sources */,
				4848F245262863F300B434E2 /* UISearchController+Extensions.swift in Sources */,
				4848F221262863F300B434E2 /* SelectTableCellViewModel.swift in Sources */,
				4848F21F262863F300B434E2 /* NumberTableCellViewModel.swift in Sources */,
				4848F237262863F300B434E2 /* SymbolModel.swift in Sources */,
				4848F276262863F300B434E2 /* FontTableCell.swift in Sources */,
				4848F254262863F300B434E2 /* AllStudiesViewController.swift in Sources */,
				4848F24E262863F300B434E2 /* SeriesViewController.swift in Sources */,
				4848F22A262863F300B434E2 /* DrawToolBaseViewModel.swift in Sources */,
				4848F21D262863F300B434E2 /* LocalizationManager.swift in Sources */,
				4848F278262863F300B434E2 /* TextTableCell.swift in Sources */,
				4848F285262863F300B434E2 /* ChartButton.swift in Sources */,
				4848F22D262863F300B434E2 /* DeviationsTableCellViewModel.swift in Sources */,
				48908CF02452DEC100E50153 /* TabBarController.swift in Sources */,
				4848F250262863F300B434E2 /* ChartStyleViewController.swift in Sources */,
				4848F22B262863F300B434E2 /* ButtonTableCellViewModel.swift in Sources */,
				4848F23E262863F300B434E2 /* UIView+Extensions.swift in Sources */,
				4848F270262863F300B434E2 /* SymbolTableCell.swift in Sources */,
				4848F234262863F300B434E2 /* PickerViewItem.swift in Sources */,
				4848F25C262863F300B434E2 /* DrawToolsViewController.swift in Sources */,
				CE7765FE240E8CB7001DE51E /* SceneDelegate.swift in Sources */,
				4848F256262863F300B434E2 /* SelectOptionViewController.swift in Sources */,
				4848F290262863F300B434E2 /* HorizontalFilterView.swift in Sources */,
				4848F235262863F300B434E2 /* LineModel.swift in Sources */,
				4848F25D262863F300B434E2 /* BaseViewController.swift in Sources */,
				4848F23D262863F300B434E2 /* UIButton+Extensions.swift in Sources */,
				4848F289262863F300B434E2 /* NavigationView.swift in Sources */,
				4848F291262863F300B434E2 /* HorizontalPickerView.swift in Sources */,
				4848F293262863F300B434E2 /* StudiesService.swift in Sources */,
				4848F296262863F300B434E2 /* DataSimulatorService.swift in Sources */,
				4848F231262863F300B434E2 /* IntervalModel.swift in Sources */,
				48908D022452E0A300E50153 /* ChartViewController.swift in Sources */,
				4848F246262863F300B434E2 /* UIStackView+Extensions.swift in Sources */,
				4848F25E262863F300B434E2 /* NavigationController.swift in Sources */,
				4848F244262863F300B434E2 /* ChartIQChartAggregationType+Extensions.swift in Sources */,
				4848F230262863F300B434E2 /* DrawToolColorViewModel.swift in Sources */,
				4848F222262863F300B434E2 /* DisclosureTableCellViewModel.swift in Sources */,
				4848F21C262863F300B434E2 /* Const.swift in Sources */,
				4848F224262863F300B434E2 /* ColorTableCellViewModel.swift in Sources */,
				4848F241262863F300B434E2 /* UIColor+Extensions.swift in Sources */,
				4848F229262863F300B434E2 /* FibInputTableCellViewModel.swift in Sources */,
				4848F226262863F300B434E2 /* ToggleTableCellViewModel.swift in Sources */,
				4848F273262863F300B434E2 /* DisclosureTableCell.swift in Sources */,
				4848F24D262863F300B434E2 /* LineModel+Extensions.swift in Sources */,
				4848F24A262863F300B434E2 /* ChartIQLineType+Extensions.swift in Sources */,
				4848F272262863F300B434E2 /* SelectTableCell.swift in Sources */,
				4848F239262863F300B434E2 /* Array+Extensions.swift in Sources */,
				4848F263262863F300B434E2 /* ButtonTableCell.swift in Sources */,
				4848F268262863F300B434E2 /* DrawToolTableCell.swift in Sources */,
				4848F23B262863F300B434E2 /* UIVisualEffectView+Extensions.swift in Sources */,
				4848F282262863F300B434E2 /* ColorPickerCollectionCell.swift in Sources */,
				4848F26C262863F300B434E2 /* LineTableCell.swift in Sources */,
				4848F248262863F300B434E2 /* UITableView+Extensions.swift in Sources */,
				4848F287262863F300B434E2 /* CustomTextField.swift in Sources */,
				4848F22E262863F300B434E2 /* BaseTableCellViewModel.swift in Sources */,
				4848F24B262863F300B434E2 /* CGFloat+Extensions.swift in Sources */,
				4848F28D262863F300B434E2 /* CrosshairInfoView.swift in Sources */,
				4848F25B262863F300B434E2 /* DrawToolSettingsViewController.swift in Sources */,
				4848F265262863F300B434E2 /* StudyTableCell.swift in Sources */,
				4848F24C262863F300B434E2 /* UICollectionView+Extensions.swift in Sources */,
				4848F240262863F300B434E2 /* UITabBarController+Extensions.swift in Sources */,
				4848F257262863F300B434E2 /* FullScreenPickerViewController.swift in Sources */,
				4848F27A262863F300B434E2 /* TextColorTableCell.swift in Sources */,
				4848F227262863F300B434E2 /* DrawToolViewModel.swift in Sources */,
				4848F28B262863F300B434E2 /* DrawToolControlView.swift in Sources */,
				4848F252262863F300B434E2 /* StudiesViewController.swift in Sources */,
				4848F232262863F300B434E2 /* DeviationModel.swift in Sources */,
				4848F284262863F300B434E2 /* LinePickerCollectionCell.swift in Sources */,
			);
			runOnlyForDeploymentPostprocessing = 0;
		};
/* End PBXSourcesBuildPhase section */

/* Begin PBXVariantGroup section */
		CE7765DE240E8CB7001DE51E /* LaunchScreen.storyboard */ = {
			isa = PBXVariantGroup;
			children = (
				481EE77D2492871400DA134D /* Base */,
			);
			name = LaunchScreen.storyboard;
			sourceTree = "<group>";
		};
		CE7765E0240E8CB7001DE51E /* Main.storyboard */ = {
			isa = PBXVariantGroup;
			children = (
				481EE77C2492871400DA134D /* Base */,
			);
			name = Main.storyboard;
			sourceTree = "<group>";
		};
/* End PBXVariantGroup section */

/* Begin XCBuildConfiguration section */
		CE38696E240E8C2000CC63C2 /* Debug */ = {
			isa = XCBuildConfiguration;
			buildSettings = {
				ALWAYS_SEARCH_USER_PATHS = NO;
				CLANG_ANALYZER_LOCALIZABILITY_NONLOCALIZED = YES;
				CLANG_ANALYZER_NONNULL = YES;
				CLANG_ANALYZER_NUMBER_OBJECT_CONVERSION = YES_AGGRESSIVE;
				CLANG_CXX_LANGUAGE_STANDARD = "gnu++0x";
				CLANG_CXX_LIBRARY = "libc++";
				CLANG_ENABLE_MODULES = YES;
				CLANG_ENABLE_OBJC_ARC = YES;
				CLANG_ENABLE_OBJC_WEAK = YES;
				CLANG_WARN_BLOCK_CAPTURE_AUTORELEASING = YES;
				CLANG_WARN_BOOL_CONVERSION = YES;
				CLANG_WARN_COMMA = YES;
				CLANG_WARN_CONSTANT_CONVERSION = YES;
				CLANG_WARN_DEPRECATED_OBJC_IMPLEMENTATIONS = YES;
				CLANG_WARN_DIRECT_OBJC_ISA_USAGE = YES_ERROR;
				CLANG_WARN_DOCUMENTATION_COMMENTS = YES;
				CLANG_WARN_EMPTY_BODY = YES;
				CLANG_WARN_ENUM_CONVERSION = YES;
				CLANG_WARN_INFINITE_RECURSION = YES;
				CLANG_WARN_INT_CONVERSION = YES;
				CLANG_WARN_NON_LITERAL_NULL_CONVERSION = YES;
				CLANG_WARN_OBJC_IMPLICIT_RETAIN_SELF = YES;
				CLANG_WARN_OBJC_LITERAL_CONVERSION = YES;
				CLANG_WARN_OBJC_ROOT_CLASS = YES_ERROR;
				CLANG_WARN_QUOTED_INCLUDE_IN_FRAMEWORK_HEADER = YES;
				CLANG_WARN_RANGE_LOOP_ANALYSIS = YES;
				CLANG_WARN_STRICT_PROTOTYPES = YES;
				CLANG_WARN_SUSPICIOUS_MOVE = YES;
				CLANG_WARN_UNGUARDED_AVAILABILITY = YES_AGGRESSIVE;
				CLANG_WARN_UNREACHABLE_CODE = YES;
				CLANG_WARN__DUPLICATE_METHOD_MATCH = YES;
				COPY_PHASE_STRIP = NO;
				DEBUG_INFORMATION_FORMAT = dwarf;
				ENABLE_STRICT_OBJC_MSGSEND = YES;
				ENABLE_TESTABILITY = YES;
				GCC_C_LANGUAGE_STANDARD = gnu99;
				GCC_DYNAMIC_NO_PIC = NO;
				GCC_NO_COMMON_BLOCKS = YES;
				GCC_OPTIMIZATION_LEVEL = 0;
				GCC_PREPROCESSOR_DEFINITIONS = (
					"DEBUG=1",
					"$(inherited)",
				);
				GCC_WARN_64_TO_32_BIT_CONVERSION = YES;
				GCC_WARN_ABOUT_RETURN_TYPE = YES_ERROR;
				GCC_WARN_UNDECLARED_SELECTOR = YES;
				GCC_WARN_UNINITIALIZED_AUTOS = YES_AGGRESSIVE;
				GCC_WARN_UNUSED_FUNCTION = YES;
				GCC_WARN_UNUSED_VARIABLE = YES;
				IPHONEOS_DEPLOYMENT_TARGET = 10.3;
				MTL_ENABLE_DEBUG_INFO = INCLUDE_SOURCE;
				MTL_FAST_MATH = YES;
				ONLY_ACTIVE_ARCH = YES;
				SDKROOT = iphoneos;
				SWIFT_ACTIVE_COMPILATION_CONDITIONS = DEBUG;
				SWIFT_OPTIMIZATION_LEVEL = "-Onone";
				TARGETED_DEVICE_FAMILY = "1,2";
			};
			name = Debug;
		};
		CE38696F240E8C2000CC63C2 /* Release */ = {
			isa = XCBuildConfiguration;
			buildSettings = {
				ALWAYS_SEARCH_USER_PATHS = NO;
				CLANG_ANALYZER_LOCALIZABILITY_NONLOCALIZED = YES;
				CLANG_ANALYZER_NONNULL = YES;
				CLANG_ANALYZER_NUMBER_OBJECT_CONVERSION = YES_AGGRESSIVE;
				CLANG_CXX_LANGUAGE_STANDARD = "gnu++0x";
				CLANG_CXX_LIBRARY = "libc++";
				CLANG_ENABLE_MODULES = YES;
				CLANG_ENABLE_OBJC_ARC = YES;
				CLANG_ENABLE_OBJC_WEAK = YES;
				CLANG_WARN_BLOCK_CAPTURE_AUTORELEASING = YES;
				CLANG_WARN_BOOL_CONVERSION = YES;
				CLANG_WARN_COMMA = YES;
				CLANG_WARN_CONSTANT_CONVERSION = YES;
				CLANG_WARN_DEPRECATED_OBJC_IMPLEMENTATIONS = YES;
				CLANG_WARN_DIRECT_OBJC_ISA_USAGE = YES_ERROR;
				CLANG_WARN_DOCUMENTATION_COMMENTS = YES;
				CLANG_WARN_EMPTY_BODY = YES;
				CLANG_WARN_ENUM_CONVERSION = YES;
				CLANG_WARN_INFINITE_RECURSION = YES;
				CLANG_WARN_INT_CONVERSION = YES;
				CLANG_WARN_NON_LITERAL_NULL_CONVERSION = YES;
				CLANG_WARN_OBJC_IMPLICIT_RETAIN_SELF = YES;
				CLANG_WARN_OBJC_LITERAL_CONVERSION = YES;
				CLANG_WARN_OBJC_ROOT_CLASS = YES_ERROR;
				CLANG_WARN_QUOTED_INCLUDE_IN_FRAMEWORK_HEADER = YES;
				CLANG_WARN_RANGE_LOOP_ANALYSIS = YES;
				CLANG_WARN_STRICT_PROTOTYPES = YES;
				CLANG_WARN_SUSPICIOUS_MOVE = YES;
				CLANG_WARN_UNGUARDED_AVAILABILITY = YES_AGGRESSIVE;
				CLANG_WARN_UNREACHABLE_CODE = YES;
				CLANG_WARN__DUPLICATE_METHOD_MATCH = YES;
				COPY_PHASE_STRIP = NO;
				DEBUG_INFORMATION_FORMAT = "dwarf-with-dsym";
				ENABLE_NS_ASSERTIONS = NO;
				ENABLE_STRICT_OBJC_MSGSEND = YES;
				GCC_C_LANGUAGE_STANDARD = gnu99;
				GCC_NO_COMMON_BLOCKS = YES;
				GCC_WARN_64_TO_32_BIT_CONVERSION = YES;
				GCC_WARN_ABOUT_RETURN_TYPE = YES_ERROR;
				GCC_WARN_UNDECLARED_SELECTOR = YES;
				GCC_WARN_UNINITIALIZED_AUTOS = YES_AGGRESSIVE;
				GCC_WARN_UNUSED_FUNCTION = YES;
				GCC_WARN_UNUSED_VARIABLE = YES;
				IPHONEOS_DEPLOYMENT_TARGET = 10.3;
				MTL_ENABLE_DEBUG_INFO = NO;
				MTL_FAST_MATH = YES;
				SDKROOT = iphoneos;
				SWIFT_COMPILATION_MODE = wholemodule;
				SWIFT_OPTIMIZATION_LEVEL = "-O";
				TARGETED_DEVICE_FAMILY = "1,2";
				VALIDATE_PRODUCT = YES;
			};
			name = Release;
		};
		CE386971240E8C2000CC63C2 /* Debug */ = {
			isa = XCBuildConfiguration;
			buildSettings = {
				ASSETCATALOG_COMPILER_APPICON_NAME = AppIcon;
				CLANG_ENABLE_MODULES = YES;
				CODE_SIGN_STYLE = Automatic;
				CURRENT_PROJECT_VERSION = 1.0;
				DEVELOPMENT_TEAM = XPJG98X97P;
				INFOPLIST_FILE = "$(SRCROOT)/ChartIQTabBarDemo/Supporting Files/Info.plist";
				IPHONEOS_DEPLOYMENT_TARGET = 10.3;
				LD_RUNPATH_SEARCH_PATHS = (
					"$(inherited)",
					"@executable_path/Frameworks",
				);
				MARKETING_VERSION = 3.0;
				PRODUCT_BUNDLE_IDENTIFIER = com.chartiq.TechnicalAnalysisChart.TabBar;
				PRODUCT_MODULE_NAME = ChartIQTabBarDemo;
				PRODUCT_NAME = ChartIQTabBarDemo;
				SWIFT_OPTIMIZATION_LEVEL = "-Onone";
				SWIFT_VERSION = 5.0;
				TARGETED_DEVICE_FAMILY = "1,2";
			};
			name = Debug;
		};
		CE386972240E8C2000CC63C2 /* Release */ = {
			isa = XCBuildConfiguration;
			buildSettings = {
				ASSETCATALOG_COMPILER_APPICON_NAME = AppIcon;
				CLANG_ENABLE_MODULES = YES;
				CODE_SIGN_STYLE = Automatic;
				CURRENT_PROJECT_VERSION = 1.0;
				DEVELOPMENT_TEAM = XPJG98X97P;
				INFOPLIST_FILE = "$(SRCROOT)/ChartIQTabBarDemo/Supporting Files/Info.plist";
				IPHONEOS_DEPLOYMENT_TARGET = 10.3;
				LD_RUNPATH_SEARCH_PATHS = (
					"$(inherited)",
					"@executable_path/Frameworks",
				);
				MARKETING_VERSION = 3.0;
				PRODUCT_BUNDLE_IDENTIFIER = com.chartiq.TechnicalAnalysisChart.TabBar;
				PRODUCT_MODULE_NAME = ChartIQTabBarDemo;
				PRODUCT_NAME = ChartIQTabBarDemo;
				SWIFT_VERSION = 5.0;
				TARGETED_DEVICE_FAMILY = "1,2";
			};
			name = Release;
		};
/* End XCBuildConfiguration section */

/* Begin XCConfigurationList section */
		CE386941240E8C1F00CC63C2 /* Build configuration list for PBXProject "ChartIQTabBarDemo" */ = {
			isa = XCConfigurationList;
			buildConfigurations = (
				CE38696E240E8C2000CC63C2 /* Debug */,
				CE38696F240E8C2000CC63C2 /* Release */,
			);
			defaultConfigurationIsVisible = 0;
			defaultConfigurationName = Release;
		};
		CE386970240E8C2000CC63C2 /* Build configuration list for PBXNativeTarget "ChartIQTabBarDemo" */ = {
			isa = XCConfigurationList;
			buildConfigurations = (
				CE386971240E8C2000CC63C2 /* Debug */,
				CE386972240E8C2000CC63C2 /* Release */,
			);
			defaultConfigurationIsVisible = 0;
			defaultConfigurationName = Release;
		};
/* End XCConfigurationList section */
	};
	rootObject = CE38693E240E8C1F00CC63C2 /* Project object */;
}
